<?xml version="1.0" encoding="UTF-8"?>
<!DOCTYPE plist PUBLIC "-//Apple//DTD PLIST 1.0//EN" "http://www.apple.com/DTDs/PropertyList-1.0.dtd">
<plist version="1.0">
<dict>
	<key>archiveVersion</key>
	<string>1</string>
	<key>classes</key>
	<dict/>
	<key>objectVersion</key>
	<string>46</string>
	<key>objects</key>
	<dict>
		<key>0240D4D9896EBA1C33EE9DF3</key>
		<dict>
			<key>buildActionMask</key>
			<string>2147483647</string>
			<key>files</key>
			<array/>
			<key>inputPaths</key>
			<array/>
			<key>isa</key>
			<string>PBXShellScriptBuildPhase</string>
			<key>name</key>
			<string>Check Pods Manifest.lock</string>
			<key>outputPaths</key>
			<array/>
			<key>runOnlyForDeploymentPostprocessing</key>
			<string>0</string>
			<key>shellPath</key>
			<string>/bin/sh</string>
			<key>shellScript</key>
			<string>diff "${PODS_ROOT}/../Podfile.lock" "${PODS_ROOT}/Manifest.lock" &gt; /dev/null
if [[ $? != 0 ]] ; then
    cat &lt;&lt; EOM
error: The sandbox is not in sync with the Podfile.lock. Run 'pod install' or update your CocoaPods installation.
EOM
    exit 1
fi
</string>
			<key>showEnvVarsInLog</key>
			<string>0</string>
		</dict>
		<key>0EADF253BE97293AB5518BEB</key>
		<dict>
			<key>buildActionMask</key>
			<string>2147483647</string>
			<key>files</key>
			<array/>
			<key>inputPaths</key>
			<array/>
			<key>isa</key>
			<string>PBXShellScriptBuildPhase</string>
			<key>name</key>
			<string>Copy Pods Resources</string>
			<key>outputPaths</key>
			<array/>
			<key>runOnlyForDeploymentPostprocessing</key>
			<string>0</string>
			<key>shellPath</key>
			<string>/bin/sh</string>
			<key>shellScript</key>
			<string>"${SRCROOT}/Pods/Target Support Files/Pods-UniversalChat/Pods-UniversalChat-resources.sh"
</string>
			<key>showEnvVarsInLog</key>
			<string>0</string>
		</dict>
		<key>3083B61C1D131222006CE632</key>
		<dict>
			<key>children</key>
			<array>
				<string>3083B6271D131222006CE632</string>
				<string>3083B6261D131222006CE632</string>
				<string>4582FFE1479EAB9A530DD31B</string>
				<string>3A3FD409B9A65D1378A5669C</string>
			</array>
			<key>isa</key>
			<string>PBXGroup</string>
			<key>sourceTree</key>
			<string>&lt;group&gt;</string>
		</dict>
		<key>3083B61D1D131222006CE632</key>
		<dict>
			<key>attributes</key>
			<dict>
				<key>LastSwiftUpdateCheck</key>
				<string>0730</string>
				<key>LastUpgradeCheck</key>
				<string>0730</string>
				<key>ORGANIZATIONNAME</key>
				<string>Pademobile International LLC.</string>
				<key>TargetAttributes</key>
				<dict>
					<key>3083B6241D131222006CE632</key>
					<dict>
						<key>CreatedOnToolsVersion</key>
						<string>7.3.1</string>
					</dict>
				</dict>
			</dict>
			<key>buildConfigurationList</key>
			<string>3083B6201D131222006CE632</string>
			<key>compatibilityVersion</key>
			<string>Xcode 3.2</string>
			<key>developmentRegion</key>
			<string>English</string>
			<key>hasScannedForEncodings</key>
			<string>0</string>
			<key>isa</key>
			<string>PBXProject</string>
			<key>knownRegions</key>
			<array>
				<string>en</string>
				<string>Base</string>
			</array>
			<key>mainGroup</key>
			<string>3083B61C1D131222006CE632</string>
			<key>productRefGroup</key>
			<string>3083B6261D131222006CE632</string>
			<key>projectDirPath</key>
			<string></string>
			<key>projectReferences</key>
			<array/>
			<key>projectRoot</key>
			<string></string>
			<key>targets</key>
			<array>
				<string>3083B6241D131222006CE632</string>
			</array>
		</dict>
		<key>3083B6201D131222006CE632</key>
		<dict>
			<key>buildConfigurations</key>
			<array>
				<string>3083B6351D131222006CE632</string>
				<string>3083B6361D131222006CE632</string>
			</array>
			<key>defaultConfigurationIsVisible</key>
			<string>0</string>
			<key>defaultConfigurationName</key>
			<string>Release</string>
			<key>isa</key>
			<string>XCConfigurationList</string>
		</dict>
		<key>3083B6211D131222006CE632</key>
		<dict>
			<key>buildActionMask</key>
			<string>2147483647</string>
			<key>files</key>
			<array>
				<string>30BA8A0E1D1480000092F8AF</string>
				<string>30BA89EE1D1480000092F8AF</string>
				<string>30BA89F61D1480000092F8AF</string>
				<string>30BA89FE1D1480000092F8AF</string>
				<string>30BA8A041D1480000092F8AF</string>
				<string>30BA89FB1D1480000092F8AF</string>
				<string>30BA8A061D1480000092F8AF</string>
				<string>30BA8A131D1480000092F8AF</string>
				<string>30BA8A0B1D1480000092F8AF</string>
				<string>30BA89FD1D1480000092F8AF</string>
				<string>30BA8A181D1480260092F8AF</string>
				<string>30BA89F21D1480000092F8AF</string>
				<string>30BA8A091D1480000092F8AF</string>
				<string>30BA8A051D1480000092F8AF</string>
				<string>30BA8A101D1480000092F8AF</string>
				<string>30BA89F91D1480000092F8AF</string>
				<string>30BA89EF1D1480000092F8AF</string>
				<string>30BA8A0D1D1480000092F8AF</string>
				<string>30BA8A0C1D1480000092F8AF</string>
				<string>30BA8A011D1480000092F8AF</string>
				<string>30BA89FF1D1480000092F8AF</string>
				<string>30BA89FA1D1480000092F8AF</string>
				<string>30BA89F31D1480000092F8AF</string>
				<string>30BA8A031D1480000092F8AF</string>
				<string>3083B6291D131222006CE632</string>
				<string>30BA8A071D1480000092F8AF</string>
				<string>30BA89F01D1480000092F8AF</string>
				<string>30BA89ED1D1480000092F8AF</string>
				<string>30BA8A001D1480000092F8AF</string>
				<string>30BA89FC1D1480000092F8AF</string>
				<string>30BA89831D146D370092F8AF</string>
				<string>30BA89F51D1480000092F8AF</string>
				<string>30BA89F41D1480000092F8AF</string>
				<string>30BA8A021D1480000092F8AF</string>
				<string>30BA89EC1D1480000092F8AF</string>
				<string>30BA89F71D1480000092F8AF</string>
				<string>30BA8A201D149A7F0092F8AF</string>
				<string>30BA8A111D1480000092F8AF</string>
				<string>30BA8A1A1D1481AF0092F8AF</string>
				<string>30BA89F81D1480000092F8AF</string>
				<string>30BA89EB1D1480000092F8AF</string>
				<string>30BA8A151D1480000092F8AF</string>
			</array>
			<key>isa</key>
			<string>PBXSourcesBuildPhase</string>
			<key>runOnlyForDeploymentPostprocessing</key>
			<string>0</string>
		</dict>
		<key>3083B6221D131222006CE632</key>
		<dict>
			<key>buildActionMask</key>
			<string>2147483647</string>
			<key>files</key>
			<array>
				<string>30BA8A1E1D1482F30092F8AF</string>
				<string>30BA8A1C1D1482E80092F8AF</string>
				<string>DAEB2A088E83E4D29A3C566B</string>
			</array>
			<key>isa</key>
			<string>PBXFrameworksBuildPhase</string>
			<key>runOnlyForDeploymentPostprocessing</key>
			<string>0</string>
		</dict>
		<key>3083B6231D131222006CE632</key>
		<dict>
			<key>buildActionMask</key>
			<string>2147483647</string>
			<key>files</key>
			<array>
				<string>3083B6331D131222006CE632</string>
				<string>30BA8A081D1480000092F8AF</string>
				<string>30BA89EA1D1480000092F8AF</string>
				<string>30BA8A0A1D1480000092F8AF</string>
				<string>3083B63B1D131538006CE632</string>
				<string>3083B6301D131222006CE632</string>
				<string>30BA8A141D1480000092F8AF</string>
				<string>3083B62E1D131222006CE632</string>
				<string>30BA8A121D1480000092F8AF</string>
				<string>30BA89F11D1480000092F8AF</string>
				<string>30BA8A0F1D1480000092F8AF</string>
			</array>
			<key>isa</key>
			<string>PBXResourcesBuildPhase</string>
			<key>runOnlyForDeploymentPostprocessing</key>
			<string>0</string>
		</dict>
		<key>3083B6241D131222006CE632</key>
		<dict>
			<key>buildConfigurationList</key>
			<string>3083B6371D131222006CE632</string>
			<key>buildPhases</key>
			<array>
				<string>0240D4D9896EBA1C33EE9DF3</string>
				<string>3083B6211D131222006CE632</string>
				<string>3083B6221D131222006CE632</string>
				<string>3083B6231D131222006CE632</string>
				<string>CB72DEFB231C5FD7940C499A</string>
				<string>0EADF253BE97293AB5518BEB</string>
			</array>
			<key>buildRules</key>
			<array/>
			<key>dependencies</key>
			<array/>
			<key>isa</key>
			<string>PBXNativeTarget</string>
			<key>name</key>
			<string>UniversalChat</string>
			<key>productName</key>
			<string>UniversalChat</string>
			<key>productReference</key>
			<string>3083B6251D131222006CE632</string>
			<key>productType</key>
			<string>com.apple.product-type.application</string>
		</dict>
		<key>3083B6251D131222006CE632</key>
		<dict>
			<key>explicitFileType</key>
			<string>wrapper.application</string>
			<key>includeInIndex</key>
			<string>0</string>
			<key>isa</key>
			<string>PBXFileReference</string>
			<key>path</key>
			<string>UniversalChat.app</string>
			<key>sourceTree</key>
			<string>BUILT_PRODUCTS_DIR</string>
		</dict>
		<key>3083B6261D131222006CE632</key>
		<dict>
			<key>children</key>
			<array>
				<string>3083B6251D131222006CE632</string>
			</array>
			<key>isa</key>
			<string>PBXGroup</string>
			<key>name</key>
			<string>Products</string>
			<key>sourceTree</key>
			<string>&lt;group&gt;</string>
		</dict>
		<key>3083B6271D131222006CE632</key>
		<dict>
			<key>children</key>
			<array>
				<string>30BA89881D147FB50092F8AF</string>
				<string>3083B6281D131222006CE632</string>
				<string>30BA89821D146D370092F8AF</string>
				<string>30BA8A191D1481AF0092F8AF</string>
				<string>30BA8A1F1D149A7F0092F8AF</string>
				<string>3083B62C1D131222006CE632</string>
				<string>3083B62F1D131222006CE632</string>
				<string>3083B6311D131222006CE632</string>
				<string>3083B6341D131222006CE632</string>
				<string>3083B63A1D131538006CE632</string>
				<string>30BA89841D147CA20092F8AF</string>
			</array>
			<key>isa</key>
			<string>PBXGroup</string>
			<key>path</key>
			<string>UniversalChat</string>
			<key>sourceTree</key>
			<string>&lt;group&gt;</string>
		</dict>
		<key>3083B6281D131222006CE632</key>
		<dict>
			<key>isa</key>
			<string>PBXFileReference</string>
			<key>lastKnownFileType</key>
			<string>sourcecode.swift</string>
			<key>path</key>
			<string>AppDelegate.swift</string>
			<key>sourceTree</key>
			<string>&lt;group&gt;</string>
		</dict>
		<key>3083B6291D131222006CE632</key>
		<dict>
			<key>fileRef</key>
			<string>3083B6281D131222006CE632</string>
			<key>isa</key>
			<string>PBXBuildFile</string>
		</dict>
		<key>3083B62C1D131222006CE632</key>
		<dict>
			<key>children</key>
			<array>
				<string>3083B62D1D131222006CE632</string>
			</array>
			<key>isa</key>
			<string>PBXVariantGroup</string>
			<key>name</key>
			<string>Main.storyboard</string>
			<key>sourceTree</key>
			<string>&lt;group&gt;</string>
		</dict>
		<key>3083B62D1D131222006CE632</key>
		<dict>
			<key>isa</key>
			<string>PBXFileReference</string>
			<key>lastKnownFileType</key>
			<string>file.storyboard</string>
			<key>name</key>
			<string>Base</string>
			<key>path</key>
			<string>Base.lproj/Main.storyboard</string>
			<key>sourceTree</key>
			<string>&lt;group&gt;</string>
		</dict>
		<key>3083B62E1D131222006CE632</key>
		<dict>
			<key>fileRef</key>
			<string>3083B62C1D131222006CE632</string>
			<key>isa</key>
			<string>PBXBuildFile</string>
		</dict>
		<key>3083B62F1D131222006CE632</key>
		<dict>
			<key>isa</key>
			<string>PBXFileReference</string>
			<key>lastKnownFileType</key>
			<string>folder.assetcatalog</string>
			<key>path</key>
			<string>Assets.xcassets</string>
			<key>sourceTree</key>
			<string>&lt;group&gt;</string>
		</dict>
		<key>3083B6301D131222006CE632</key>
		<dict>
			<key>fileRef</key>
			<string>3083B62F1D131222006CE632</string>
			<key>isa</key>
			<string>PBXBuildFile</string>
		</dict>
		<key>3083B6311D131222006CE632</key>
		<dict>
			<key>children</key>
			<array>
				<string>3083B6321D131222006CE632</string>
			</array>
			<key>isa</key>
			<string>PBXVariantGroup</string>
			<key>name</key>
			<string>LaunchScreen.storyboard</string>
			<key>sourceTree</key>
			<string>&lt;group&gt;</string>
		</dict>
		<key>3083B6321D131222006CE632</key>
		<dict>
			<key>isa</key>
			<string>PBXFileReference</string>
			<key>lastKnownFileType</key>
			<string>file.storyboard</string>
			<key>name</key>
			<string>Base</string>
			<key>path</key>
			<string>Base.lproj/LaunchScreen.storyboard</string>
			<key>sourceTree</key>
			<string>&lt;group&gt;</string>
		</dict>
		<key>3083B6331D131222006CE632</key>
		<dict>
			<key>fileRef</key>
			<string>3083B6311D131222006CE632</string>
			<key>isa</key>
			<string>PBXBuildFile</string>
		</dict>
		<key>3083B6341D131222006CE632</key>
		<dict>
			<key>isa</key>
			<string>PBXFileReference</string>
			<key>lastKnownFileType</key>
			<string>text.plist.xml</string>
			<key>path</key>
			<string>Info.plist</string>
			<key>sourceTree</key>
			<string>&lt;group&gt;</string>
		</dict>
		<key>3083B6351D131222006CE632</key>
		<dict>
			<key>buildSettings</key>
			<dict>
				<key>ALWAYS_SEARCH_USER_PATHS</key>
				<string>NO</string>
				<key>CLANG_ANALYZER_NONNULL</key>
				<string>YES</string>
				<key>CLANG_CXX_LANGUAGE_STANDARD</key>
				<string>gnu++0x</string>
				<key>CLANG_CXX_LIBRARY</key>
				<string>libc++</string>
				<key>CLANG_ENABLE_MODULES</key>
				<string>YES</string>
				<key>CLANG_ENABLE_OBJC_ARC</key>
				<string>YES</string>
				<key>CLANG_WARN_BOOL_CONVERSION</key>
				<string>YES</string>
				<key>CLANG_WARN_CONSTANT_CONVERSION</key>
				<string>YES</string>
				<key>CLANG_WARN_DIRECT_OBJC_ISA_USAGE</key>
				<string>YES_ERROR</string>
				<key>CLANG_WARN_EMPTY_BODY</key>
				<string>YES</string>
				<key>CLANG_WARN_ENUM_CONVERSION</key>
				<string>YES</string>
				<key>CLANG_WARN_INT_CONVERSION</key>
				<string>YES</string>
				<key>CLANG_WARN_OBJC_ROOT_CLASS</key>
				<string>YES_ERROR</string>
				<key>CLANG_WARN_UNREACHABLE_CODE</key>
				<string>YES</string>
				<key>CLANG_WARN__DUPLICATE_METHOD_MATCH</key>
				<string>YES</string>
				<key>CODE_SIGN_IDENTITY[sdk=iphoneos*]</key>
				<string>iPhone Developer</string>
				<key>COPY_PHASE_STRIP</key>
				<string>NO</string>
				<key>DEBUG_INFORMATION_FORMAT</key>
				<string>dwarf</string>
				<key>ENABLE_STRICT_OBJC_MSGSEND</key>
				<string>YES</string>
				<key>ENABLE_TESTABILITY</key>
				<string>YES</string>
				<key>GCC_C_LANGUAGE_STANDARD</key>
				<string>gnu99</string>
				<key>GCC_DYNAMIC_NO_PIC</key>
				<string>NO</string>
				<key>GCC_NO_COMMON_BLOCKS</key>
				<string>YES</string>
				<key>GCC_OPTIMIZATION_LEVEL</key>
				<string>0</string>
				<key>GCC_PREPROCESSOR_DEFINITIONS</key>
				<array>
					<string>DEBUG=1</string>
					<string>$(inherited)</string>
				</array>
				<key>GCC_WARN_64_TO_32_BIT_CONVERSION</key>
				<string>YES</string>
				<key>GCC_WARN_ABOUT_RETURN_TYPE</key>
				<string>YES_ERROR</string>
				<key>GCC_WARN_UNDECLARED_SELECTOR</key>
				<string>YES</string>
				<key>GCC_WARN_UNINITIALIZED_AUTOS</key>
				<string>YES_AGGRESSIVE</string>
				<key>GCC_WARN_UNUSED_FUNCTION</key>
				<string>YES</string>
				<key>GCC_WARN_UNUSED_VARIABLE</key>
				<string>YES</string>
				<key>IPHONEOS_DEPLOYMENT_TARGET</key>
				<string>9.3</string>
				<key>MTL_ENABLE_DEBUG_INFO</key>
				<string>YES</string>
				<key>ONLY_ACTIVE_ARCH</key>
				<string>YES</string>
				<key>SDKROOT</key>
				<string>iphoneos</string>
				<key>SWIFT_OPTIMIZATION_LEVEL</key>
				<string>-Onone</string>
			</dict>
			<key>isa</key>
			<string>XCBuildConfiguration</string>
			<key>name</key>
			<string>Debug</string>
		</dict>
		<key>3083B6361D131222006CE632</key>
		<dict>
			<key>buildSettings</key>
			<dict>
				<key>ALWAYS_SEARCH_USER_PATHS</key>
				<string>NO</string>
				<key>CLANG_ANALYZER_NONNULL</key>
				<string>YES</string>
				<key>CLANG_CXX_LANGUAGE_STANDARD</key>
				<string>gnu++0x</string>
				<key>CLANG_CXX_LIBRARY</key>
				<string>libc++</string>
				<key>CLANG_ENABLE_MODULES</key>
				<string>YES</string>
				<key>CLANG_ENABLE_OBJC_ARC</key>
				<string>YES</string>
				<key>CLANG_WARN_BOOL_CONVERSION</key>
				<string>YES</string>
				<key>CLANG_WARN_CONSTANT_CONVERSION</key>
				<string>YES</string>
				<key>CLANG_WARN_DIRECT_OBJC_ISA_USAGE</key>
				<string>YES_ERROR</string>
				<key>CLANG_WARN_EMPTY_BODY</key>
				<string>YES</string>
				<key>CLANG_WARN_ENUM_CONVERSION</key>
				<string>YES</string>
				<key>CLANG_WARN_INT_CONVERSION</key>
				<string>YES</string>
				<key>CLANG_WARN_OBJC_ROOT_CLASS</key>
				<string>YES_ERROR</string>
				<key>CLANG_WARN_UNREACHABLE_CODE</key>
				<string>YES</string>
				<key>CLANG_WARN__DUPLICATE_METHOD_MATCH</key>
				<string>YES</string>
				<key>CODE_SIGN_IDENTITY[sdk=iphoneos*]</key>
				<string>iPhone Developer</string>
				<key>COPY_PHASE_STRIP</key>
				<string>NO</string>
				<key>DEBUG_INFORMATION_FORMAT</key>
				<string>dwarf-with-dsym</string>
				<key>ENABLE_NS_ASSERTIONS</key>
				<string>NO</string>
				<key>ENABLE_STRICT_OBJC_MSGSEND</key>
				<string>YES</string>
				<key>GCC_C_LANGUAGE_STANDARD</key>
				<string>gnu99</string>
				<key>GCC_NO_COMMON_BLOCKS</key>
				<string>YES</string>
				<key>GCC_WARN_64_TO_32_BIT_CONVERSION</key>
				<string>YES</string>
				<key>GCC_WARN_ABOUT_RETURN_TYPE</key>
				<string>YES_ERROR</string>
				<key>GCC_WARN_UNDECLARED_SELECTOR</key>
				<string>YES</string>
				<key>GCC_WARN_UNINITIALIZED_AUTOS</key>
				<string>YES_AGGRESSIVE</string>
				<key>GCC_WARN_UNUSED_FUNCTION</key>
				<string>YES</string>
				<key>GCC_WARN_UNUSED_VARIABLE</key>
				<string>YES</string>
				<key>IPHONEOS_DEPLOYMENT_TARGET</key>
				<string>9.3</string>
				<key>MTL_ENABLE_DEBUG_INFO</key>
				<string>NO</string>
				<key>SDKROOT</key>
				<string>iphoneos</string>
				<key>VALIDATE_PRODUCT</key>
				<string>YES</string>
			</dict>
			<key>isa</key>
			<string>XCBuildConfiguration</string>
			<key>name</key>
			<string>Release</string>
		</dict>
		<key>3083B6371D131222006CE632</key>
		<dict>
			<key>buildConfigurations</key>
			<array>
				<string>3083B6381D131222006CE632</string>
				<string>3083B6391D131222006CE632</string>
			</array>
			<key>defaultConfigurationIsVisible</key>
			<string>0</string>
			<key>defaultConfigurationName</key>
			<string>Release</string>
			<key>isa</key>
			<string>XCConfigurationList</string>
		</dict>
		<key>3083B6381D131222006CE632</key>
		<dict>
			<key>baseConfigurationReference</key>
			<string>7797032086CAD58629F9647C</string>
			<key>buildSettings</key>
			<dict>
				<key>ASSETCATALOG_COMPILER_APPICON_NAME</key>
				<string>AppIcon</string>
				<key>CLANG_ENABLE_MODULES</key>
				<string>YES</string>
				<key>INFOPLIST_FILE</key>
				<string>UniversalChat/Info.plist</string>
				<key>LD_RUNPATH_SEARCH_PATHS</key>
				<string>$(inherited) @executable_path/Frameworks</string>
				<key>PRODUCT_BUNDLE_IDENTIFIER</key>
				<string>com.pademobile.UniversalChat</string>
				<key>PRODUCT_NAME</key>
				<string>$(TARGET_NAME)</string>
				<key>SWIFT_OBJC_BRIDGING_HEADER</key>
				<string>UniversalChat/UniversalChat-Bridging-Header.h</string>
				<key>SWIFT_OPTIMIZATION_LEVEL</key>
				<string>-Onone</string>
			</dict>
			<key>isa</key>
			<string>XCBuildConfiguration</string>
			<key>name</key>
			<string>Debug</string>
		</dict>
		<key>3083B6391D131222006CE632</key>
		<dict>
			<key>baseConfigurationReference</key>
			<string>43A60CE5D00F726C546D2E90</string>
			<key>buildSettings</key>
			<dict>
				<key>ASSETCATALOG_COMPILER_APPICON_NAME</key>
				<string>AppIcon</string>
				<key>CLANG_ENABLE_MODULES</key>
				<string>YES</string>
				<key>INFOPLIST_FILE</key>
				<string>UniversalChat/Info.plist</string>
				<key>LD_RUNPATH_SEARCH_PATHS</key>
				<string>$(inherited) @executable_path/Frameworks</string>
				<key>PRODUCT_BUNDLE_IDENTIFIER</key>
				<string>com.pademobile.UniversalChat</string>
				<key>PRODUCT_NAME</key>
				<string>$(TARGET_NAME)</string>
				<key>SWIFT_OBJC_BRIDGING_HEADER</key>
				<string>UniversalChat/UniversalChat-Bridging-Header.h</string>
			</dict>
			<key>isa</key>
			<string>XCBuildConfiguration</string>
			<key>name</key>
			<string>Release</string>
		</dict>
		<key>3083B63A1D131538006CE632</key>
		<dict>
			<key>fileEncoding</key>
			<string>4</string>
			<key>isa</key>
			<string>PBXFileReference</string>
			<key>lastKnownFileType</key>
			<string>text.plist.xml</string>
			<key>path</key>
			<string>GoogleService-Info.plist</string>
			<key>sourceTree</key>
			<string>&lt;group&gt;</string>
		</dict>
		<key>3083B63B1D131538006CE632</key>
		<dict>
			<key>fileRef</key>
			<string>3083B63A1D131538006CE632</string>
			<key>isa</key>
			<string>PBXBuildFile</string>
		</dict>
		<key>30BA89821D146D370092F8AF</key>
		<dict>
			<key>fileEncoding</key>
			<string>4</string>
			<key>isa</key>
			<string>PBXFileReference</string>
			<key>lastKnownFileType</key>
			<string>sourcecode.swift</string>
			<key>path</key>
			<string>LoginSignUpViewController.swift</string>
			<key>sourceTree</key>
			<string>&lt;group&gt;</string>
		</dict>
		<key>30BA89831D146D370092F8AF</key>
		<dict>
			<key>fileRef</key>
			<string>30BA89821D146D370092F8AF</string>
			<key>isa</key>
			<string>PBXBuildFile</string>
		</dict>
		<key>30BA89841D147CA20092F8AF</key>
		<dict>
			<key>isa</key>
			<string>PBXFileReference</string>
			<key>lastKnownFileType</key>
			<string>sourcecode.c.h</string>
			<key>path</key>
			<string>UniversalChat-Bridging-Header.h</string>
			<key>sourceTree</key>
			<string>&lt;group&gt;</string>
		</dict>
		<key>30BA89881D147FB50092F8AF</key>
		<dict>
			<key>children</key>
			<array>
				<string>30BA8A161D1480260092F8AF</string>
				<string>30BA8A171D1480260092F8AF</string>
				<string>30BA89891D1480000092F8AF</string>
			</array>
			<key>isa</key>
			<string>PBXGroup</string>
			<key>name</key>
			<string>Helper</string>
			<key>sourceTree</key>
			<string>&lt;group&gt;</string>
		</dict>
		<key>30BA89891D1480000092F8AF</key>
		<dict>
			<key>children</key>
			<array>
				<string>30BA898A1D1480000092F8AF</string>
				<string>30BA898C1D1480000092F8AF</string>
				<string>30BA89971D1480000092F8AF</string>
				<string>30BA899B1D1480000092F8AF</string>
				<string>30BA89A61D1480000092F8AF</string>
				<string>30BA89A71D1480000092F8AF</string>
				<string>30BA89B31D1480000092F8AF</string>
				<string>30BA89CA1D1480000092F8AF</string>
			</array>
			<key>isa</key>
			<string>PBXGroup</string>
			<key>path</key>
			<string>JSQMessagesViewController</string>
			<key>sourceTree</key>
			<string>&lt;group&gt;</string>
		</dict>
		<key>30BA898A1D1480000092F8AF</key>
		<dict>
			<key>children</key>
			<array>
				<string>30BA898B1D1480000092F8AF</string>
			</array>
			<key>isa</key>
			<string>PBXGroup</string>
			<key>path</key>
			<string>Assets</string>
			<key>sourceTree</key>
			<string>&lt;group&gt;</string>
		</dict>
		<key>30BA898B1D1480000092F8AF</key>
		<dict>
			<key>isa</key>
			<string>PBXFileReference</string>
			<key>lastKnownFileType</key>
			<string>wrapper.plug-in</string>
			<key>path</key>
			<string>JSQMessagesAssets.bundle</string>
			<key>sourceTree</key>
			<string>&lt;group&gt;</string>
		</dict>
		<key>30BA898C1D1480000092F8AF</key>
		<dict>
			<key>children</key>
			<array>
				<string>30BA898D1D1480000092F8AF</string>
				<string>30BA898E1D1480000092F8AF</string>
				<string>30BA898F1D1480000092F8AF</string>
				<string>30BA89901D1480000092F8AF</string>
				<string>30BA89911D1480000092F8AF</string>
				<string>30BA89921D1480000092F8AF</string>
				<string>30BA89931D1480000092F8AF</string>
				<string>30BA89941D1480000092F8AF</string>
				<string>30BA89951D1480000092F8AF</string>
				<string>30BA89961D1480000092F8AF</string>
			</array>
			<key>isa</key>
			<string>PBXGroup</string>
			<key>path</key>
			<string>Categories</string>
			<key>sourceTree</key>
			<string>&lt;group&gt;</string>
		</dict>
		<key>30BA898D1D1480000092F8AF</key>
		<dict>
			<key>fileEncoding</key>
			<string>4</string>
			<key>isa</key>
			<string>PBXFileReference</string>
			<key>lastKnownFileType</key>
			<string>sourcecode.c.h</string>
			<key>path</key>
			<string>NSBundle+JSQMessages.h</string>
			<key>sourceTree</key>
			<string>&lt;group&gt;</string>
		</dict>
		<key>30BA898E1D1480000092F8AF</key>
		<dict>
			<key>fileEncoding</key>
			<string>4</string>
			<key>isa</key>
			<string>PBXFileReference</string>
			<key>lastKnownFileType</key>
			<string>sourcecode.c.objc</string>
			<key>path</key>
			<string>NSBundle+JSQMessages.m</string>
			<key>sourceTree</key>
			<string>&lt;group&gt;</string>
		</dict>
		<key>30BA898F1D1480000092F8AF</key>
		<dict>
			<key>fileEncoding</key>
			<string>4</string>
			<key>isa</key>
			<string>PBXFileReference</string>
			<key>lastKnownFileType</key>
			<string>sourcecode.c.h</string>
			<key>path</key>
			<string>NSString+JSQMessages.h</string>
			<key>sourceTree</key>
			<string>&lt;group&gt;</string>
		</dict>
		<key>30BA89901D1480000092F8AF</key>
		<dict>
			<key>fileEncoding</key>
			<string>4</string>
			<key>isa</key>
			<string>PBXFileReference</string>
			<key>lastKnownFileType</key>
			<string>sourcecode.c.objc</string>
			<key>path</key>
			<string>NSString+JSQMessages.m</string>
			<key>sourceTree</key>
			<string>&lt;group&gt;</string>
		</dict>
		<key>30BA89911D1480000092F8AF</key>
		<dict>
			<key>fileEncoding</key>
			<string>4</string>
			<key>isa</key>
			<string>PBXFileReference</string>
			<key>lastKnownFileType</key>
			<string>sourcecode.c.h</string>
			<key>path</key>
			<string>UIColor+JSQMessages.h</string>
			<key>sourceTree</key>
			<string>&lt;group&gt;</string>
		</dict>
		<key>30BA89921D1480000092F8AF</key>
		<dict>
			<key>fileEncoding</key>
			<string>4</string>
			<key>isa</key>
			<string>PBXFileReference</string>
			<key>lastKnownFileType</key>
			<string>sourcecode.c.objc</string>
			<key>path</key>
			<string>UIColor+JSQMessages.m</string>
			<key>sourceTree</key>
			<string>&lt;group&gt;</string>
		</dict>
		<key>30BA89931D1480000092F8AF</key>
		<dict>
			<key>fileEncoding</key>
			<string>4</string>
			<key>isa</key>
			<string>PBXFileReference</string>
			<key>lastKnownFileType</key>
			<string>sourcecode.c.h</string>
			<key>path</key>
			<string>UIImage+JSQMessages.h</string>
			<key>sourceTree</key>
			<string>&lt;group&gt;</string>
		</dict>
		<key>30BA89941D1480000092F8AF</key>
		<dict>
			<key>fileEncoding</key>
			<string>4</string>
			<key>isa</key>
			<string>PBXFileReference</string>
			<key>lastKnownFileType</key>
			<string>sourcecode.c.objc</string>
			<key>path</key>
			<string>UIImage+JSQMessages.m</string>
			<key>sourceTree</key>
			<string>&lt;group&gt;</string>
		</dict>
		<key>30BA89951D1480000092F8AF</key>
		<dict>
			<key>fileEncoding</key>
			<string>4</string>
			<key>isa</key>
			<string>PBXFileReference</string>
			<key>lastKnownFileType</key>
			<string>sourcecode.c.h</string>
			<key>path</key>
			<string>UIView+JSQMessages.h</string>
			<key>sourceTree</key>
			<string>&lt;group&gt;</string>
		</dict>
		<key>30BA89961D1480000092F8AF</key>
		<dict>
			<key>fileEncoding</key>
			<string>4</string>
			<key>isa</key>
			<string>PBXFileReference</string>
			<key>lastKnownFileType</key>
			<string>sourcecode.c.objc</string>
			<key>path</key>
			<string>UIView+JSQMessages.m</string>
			<key>sourceTree</key>
			<string>&lt;group&gt;</string>
		</dict>
		<key>30BA89971D1480000092F8AF</key>
		<dict>
			<key>children</key>
			<array>
				<string>30BA89981D1480000092F8AF</string>
				<string>30BA89991D1480000092F8AF</string>
				<string>30BA899A1D1480000092F8AF</string>
			</array>
			<key>isa</key>
			<string>PBXGroup</string>
			<key>path</key>
			<string>Controllers</string>
			<key>sourceTree</key>
			<string>&lt;group&gt;</string>
		</dict>
		<key>30BA89981D1480000092F8AF</key>
		<dict>
			<key>fileEncoding</key>
			<string>4</string>
			<key>isa</key>
			<string>PBXFileReference</string>
			<key>lastKnownFileType</key>
			<string>sourcecode.c.h</string>
			<key>path</key>
			<string>JSQMessagesViewController.h</string>
			<key>sourceTree</key>
			<string>&lt;group&gt;</string>
		</dict>
		<key>30BA89991D1480000092F8AF</key>
		<dict>
			<key>fileEncoding</key>
			<string>4</string>
			<key>isa</key>
			<string>PBXFileReference</string>
			<key>lastKnownFileType</key>
			<string>sourcecode.c.objc</string>
			<key>path</key>
			<string>JSQMessagesViewController.m</string>
			<key>sourceTree</key>
			<string>&lt;group&gt;</string>
		</dict>
		<key>30BA899A1D1480000092F8AF</key>
		<dict>
			<key>fileEncoding</key>
			<string>4</string>
			<key>isa</key>
			<string>PBXFileReference</string>
			<key>lastKnownFileType</key>
			<string>file.xib</string>
			<key>path</key>
			<string>JSQMessagesViewController.xib</string>
			<key>sourceTree</key>
			<string>&lt;group&gt;</string>
		</dict>
		<key>30BA899B1D1480000092F8AF</key>
		<dict>
			<key>children</key>
			<array>
				<string>30BA899C1D1480000092F8AF</string>
				<string>30BA899D1D1480000092F8AF</string>
				<string>30BA899E1D1480000092F8AF</string>
				<string>30BA899F1D1480000092F8AF</string>
				<string>30BA89A01D1480000092F8AF</string>
				<string>30BA89A11D1480000092F8AF</string>
				<string>30BA89A21D1480000092F8AF</string>
				<string>30BA89A31D1480000092F8AF</string>
				<string>30BA89A41D1480000092F8AF</string>
				<string>30BA89A51D1480000092F8AF</string>
			</array>
			<key>isa</key>
			<string>PBXGroup</string>
			<key>path</key>
			<string>Factories</string>
			<key>sourceTree</key>
			<string>&lt;group&gt;</string>
		</dict>
		<key>30BA899C1D1480000092F8AF</key>
		<dict>
			<key>fileEncoding</key>
			<string>4</string>
			<key>isa</key>
			<string>PBXFileReference</string>
			<key>lastKnownFileType</key>
			<string>sourcecode.c.h</string>
			<key>path</key>
			<string>JSQMessagesAvatarImageFactory.h</string>
			<key>sourceTree</key>
			<string>&lt;group&gt;</string>
		</dict>
		<key>30BA899D1D1480000092F8AF</key>
		<dict>
			<key>fileEncoding</key>
			<string>4</string>
			<key>isa</key>
			<string>PBXFileReference</string>
			<key>lastKnownFileType</key>
			<string>sourcecode.c.objc</string>
			<key>path</key>
			<string>JSQMessagesAvatarImageFactory.m</string>
			<key>sourceTree</key>
			<string>&lt;group&gt;</string>
		</dict>
		<key>30BA899E1D1480000092F8AF</key>
		<dict>
			<key>fileEncoding</key>
			<string>4</string>
			<key>isa</key>
			<string>PBXFileReference</string>
			<key>lastKnownFileType</key>
			<string>sourcecode.c.h</string>
			<key>path</key>
			<string>JSQMessagesBubbleImageFactory.h</string>
			<key>sourceTree</key>
			<string>&lt;group&gt;</string>
		</dict>
		<key>30BA899F1D1480000092F8AF</key>
		<dict>
			<key>fileEncoding</key>
			<string>4</string>
			<key>isa</key>
			<string>PBXFileReference</string>
			<key>lastKnownFileType</key>
			<string>sourcecode.c.objc</string>
			<key>path</key>
			<string>JSQMessagesBubbleImageFactory.m</string>
			<key>sourceTree</key>
			<string>&lt;group&gt;</string>
		</dict>
		<key>30BA89A01D1480000092F8AF</key>
		<dict>
			<key>fileEncoding</key>
			<string>4</string>
			<key>isa</key>
			<string>PBXFileReference</string>
			<key>lastKnownFileType</key>
			<string>sourcecode.c.h</string>
			<key>path</key>
			<string>JSQMessagesMediaViewBubbleImageMasker.h</string>
			<key>sourceTree</key>
			<string>&lt;group&gt;</string>
		</dict>
		<key>30BA89A11D1480000092F8AF</key>
		<dict>
			<key>fileEncoding</key>
			<string>4</string>
			<key>isa</key>
			<string>PBXFileReference</string>
			<key>lastKnownFileType</key>
			<string>sourcecode.c.objc</string>
			<key>path</key>
			<string>JSQMessagesMediaViewBubbleImageMasker.m</string>
			<key>sourceTree</key>
			<string>&lt;group&gt;</string>
		</dict>
		<key>30BA89A21D1480000092F8AF</key>
		<dict>
			<key>fileEncoding</key>
			<string>4</string>
			<key>isa</key>
			<string>PBXFileReference</string>
			<key>lastKnownFileType</key>
			<string>sourcecode.c.h</string>
			<key>path</key>
			<string>JSQMessagesTimestampFormatter.h</string>
			<key>sourceTree</key>
			<string>&lt;group&gt;</string>
		</dict>
		<key>30BA89A31D1480000092F8AF</key>
		<dict>
			<key>fileEncoding</key>
			<string>4</string>
			<key>isa</key>
			<string>PBXFileReference</string>
			<key>lastKnownFileType</key>
			<string>sourcecode.c.objc</string>
			<key>path</key>
			<string>JSQMessagesTimestampFormatter.m</string>
			<key>sourceTree</key>
			<string>&lt;group&gt;</string>
		</dict>
		<key>30BA89A41D1480000092F8AF</key>
		<dict>
			<key>fileEncoding</key>
			<string>4</string>
			<key>isa</key>
			<string>PBXFileReference</string>
			<key>lastKnownFileType</key>
			<string>sourcecode.c.h</string>
			<key>path</key>
			<string>JSQMessagesToolbarButtonFactory.h</string>
			<key>sourceTree</key>
			<string>&lt;group&gt;</string>
		</dict>
		<key>30BA89A51D1480000092F8AF</key>
		<dict>
			<key>fileEncoding</key>
			<string>4</string>
			<key>isa</key>
			<string>PBXFileReference</string>
			<key>lastKnownFileType</key>
			<string>sourcecode.c.objc</string>
			<key>path</key>
			<string>JSQMessagesToolbarButtonFactory.m</string>
			<key>sourceTree</key>
			<string>&lt;group&gt;</string>
		</dict>
		<key>30BA89A61D1480000092F8AF</key>
		<dict>
			<key>fileEncoding</key>
			<string>4</string>
			<key>isa</key>
			<string>PBXFileReference</string>
			<key>lastKnownFileType</key>
			<string>sourcecode.c.h</string>
			<key>path</key>
			<string>JSQMessages.h</string>
			<key>sourceTree</key>
			<string>&lt;group&gt;</string>
		</dict>
		<key>30BA89A71D1480000092F8AF</key>
		<dict>
			<key>children</key>
			<array>
				<string>30BA89A81D1480000092F8AF</string>
				<string>30BA89A91D1480000092F8AF</string>
				<string>30BA89AA1D1480000092F8AF</string>
				<string>30BA89AB1D1480000092F8AF</string>
				<string>30BA89AC1D1480000092F8AF</string>
				<string>30BA89AD1D1480000092F8AF</string>
				<string>30BA89AE1D1480000092F8AF</string>
				<string>30BA89AF1D1480000092F8AF</string>
				<string>30BA89B01D1480000092F8AF</string>
				<string>30BA89B11D1480000092F8AF</string>
				<string>30BA89B21D1480000092F8AF</string>
			</array>
			<key>isa</key>
			<string>PBXGroup</string>
			<key>path</key>
			<string>Layout</string>
			<key>sourceTree</key>
			<string>&lt;group&gt;</string>
		</dict>
		<key>30BA89A81D1480000092F8AF</key>
		<dict>
			<key>fileEncoding</key>
			<string>4</string>
			<key>isa</key>
			<string>PBXFileReference</string>
			<key>lastKnownFileType</key>
			<string>sourcecode.c.h</string>
			<key>path</key>
			<string>JSQAudioMediaViewAttributes.h</string>
			<key>sourceTree</key>
			<string>&lt;group&gt;</string>
		</dict>
		<key>30BA89A91D1480000092F8AF</key>
		<dict>
			<key>fileEncoding</key>
			<string>4</string>
			<key>isa</key>
			<string>PBXFileReference</string>
			<key>lastKnownFileType</key>
			<string>sourcecode.c.objc</string>
			<key>path</key>
			<string>JSQAudioMediaViewAttributes.m</string>
			<key>sourceTree</key>
			<string>&lt;group&gt;</string>
		</dict>
		<key>30BA89AA1D1480000092F8AF</key>
		<dict>
			<key>fileEncoding</key>
			<string>4</string>
			<key>isa</key>
			<string>PBXFileReference</string>
			<key>lastKnownFileType</key>
			<string>sourcecode.c.h</string>
			<key>path</key>
			<string>JSQMessagesBubbleSizeCalculating.h</string>
			<key>sourceTree</key>
			<string>&lt;group&gt;</string>
		</dict>
		<key>30BA89AB1D1480000092F8AF</key>
		<dict>
			<key>fileEncoding</key>
			<string>4</string>
			<key>isa</key>
			<string>PBXFileReference</string>
			<key>lastKnownFileType</key>
			<string>sourcecode.c.h</string>
			<key>path</key>
			<string>JSQMessagesBubblesSizeCalculator.h</string>
			<key>sourceTree</key>
			<string>&lt;group&gt;</string>
		</dict>
		<key>30BA89AC1D1480000092F8AF</key>
		<dict>
			<key>fileEncoding</key>
			<string>4</string>
			<key>isa</key>
			<string>PBXFileReference</string>
			<key>lastKnownFileType</key>
			<string>sourcecode.c.objc</string>
			<key>path</key>
			<string>JSQMessagesBubblesSizeCalculator.m</string>
			<key>sourceTree</key>
			<string>&lt;group&gt;</string>
		</dict>
		<key>30BA89AD1D1480000092F8AF</key>
		<dict>
			<key>fileEncoding</key>
			<string>4</string>
			<key>isa</key>
			<string>PBXFileReference</string>
			<key>lastKnownFileType</key>
			<string>sourcecode.c.h</string>
			<key>path</key>
			<string>JSQMessagesCollectionViewFlowLayout.h</string>
			<key>sourceTree</key>
			<string>&lt;group&gt;</string>
		</dict>
		<key>30BA89AE1D1480000092F8AF</key>
		<dict>
			<key>fileEncoding</key>
			<string>4</string>
			<key>isa</key>
			<string>PBXFileReference</string>
			<key>lastKnownFileType</key>
			<string>sourcecode.c.objc</string>
			<key>path</key>
			<string>JSQMessagesCollectionViewFlowLayout.m</string>
			<key>sourceTree</key>
			<string>&lt;group&gt;</string>
		</dict>
		<key>30BA89AF1D1480000092F8AF</key>
		<dict>
			<key>fileEncoding</key>
			<string>4</string>
			<key>isa</key>
			<string>PBXFileReference</string>
			<key>lastKnownFileType</key>
			<string>sourcecode.c.h</string>
			<key>path</key>
			<string>JSQMessagesCollectionViewFlowLayoutInvalidationContext.h</string>
			<key>sourceTree</key>
			<string>&lt;group&gt;</string>
		</dict>
		<key>30BA89B01D1480000092F8AF</key>
		<dict>
			<key>fileEncoding</key>
			<string>4</string>
			<key>isa</key>
			<string>PBXFileReference</string>
			<key>lastKnownFileType</key>
			<string>sourcecode.c.objc</string>
			<key>path</key>
			<string>JSQMessagesCollectionViewFlowLayoutInvalidationContext.m</string>
			<key>sourceTree</key>
			<string>&lt;group&gt;</string>
		</dict>
		<key>30BA89B11D1480000092F8AF</key>
		<dict>
			<key>fileEncoding</key>
			<string>4</string>
			<key>isa</key>
			<string>PBXFileReference</string>
			<key>lastKnownFileType</key>
			<string>sourcecode.c.h</string>
			<key>path</key>
			<string>JSQMessagesCollectionViewLayoutAttributes.h</string>
			<key>sourceTree</key>
			<string>&lt;group&gt;</string>
		</dict>
		<key>30BA89B21D1480000092F8AF</key>
		<dict>
			<key>fileEncoding</key>
			<string>4</string>
			<key>isa</key>
			<string>PBXFileReference</string>
			<key>lastKnownFileType</key>
			<string>sourcecode.c.objc</string>
			<key>path</key>
			<string>JSQMessagesCollectionViewLayoutAttributes.m</string>
			<key>sourceTree</key>
			<string>&lt;group&gt;</string>
		</dict>
		<key>30BA89B31D1480000092F8AF</key>
		<dict>
			<key>children</key>
			<array>
				<string>30BA89B41D1480000092F8AF</string>
				<string>30BA89B51D1480000092F8AF</string>
				<string>30BA89B61D1480000092F8AF</string>
				<string>30BA89B71D1480000092F8AF</string>
				<string>30BA89B81D1480000092F8AF</string>
				<string>30BA89B91D1480000092F8AF</string>
				<string>30BA89BA1D1480000092F8AF</string>
				<string>30BA89BB1D1480000092F8AF</string>
				<string>30BA89BC1D1480000092F8AF</string>
				<string>30BA89BD1D1480000092F8AF</string>
				<string>30BA89BE1D1480000092F8AF</string>
				<string>30BA89BF1D1480000092F8AF</string>
				<string>30BA89C01D1480000092F8AF</string>
				<string>30BA89C11D1480000092F8AF</string>
				<string>30BA89C21D1480000092F8AF</string>
				<string>30BA89C31D1480000092F8AF</string>
				<string>30BA89C41D1480000092F8AF</string>
				<string>30BA89C51D1480000092F8AF</string>
				<string>30BA89C61D1480000092F8AF</string>
				<string>30BA89C71D1480000092F8AF</string>
				<string>30BA89C81D1480000092F8AF</string>
				<string>30BA89C91D1480000092F8AF</string>
			</array>
			<key>isa</key>
			<string>PBXGroup</string>
			<key>path</key>
			<string>Model</string>
			<key>sourceTree</key>
			<string>&lt;group&gt;</string>
		</dict>
		<key>30BA89B41D1480000092F8AF</key>
		<dict>
			<key>fileEncoding</key>
			<string>4</string>
			<key>isa</key>
			<string>PBXFileReference</string>
			<key>lastKnownFileType</key>
			<string>sourcecode.c.h</string>
			<key>path</key>
			<string>JSQAudioMediaItem.h</string>
			<key>sourceTree</key>
			<string>&lt;group&gt;</string>
		</dict>
		<key>30BA89B51D1480000092F8AF</key>
		<dict>
			<key>fileEncoding</key>
			<string>4</string>
			<key>isa</key>
			<string>PBXFileReference</string>
			<key>lastKnownFileType</key>
			<string>sourcecode.c.objc</string>
			<key>path</key>
			<string>JSQAudioMediaItem.m</string>
			<key>sourceTree</key>
			<string>&lt;group&gt;</string>
		</dict>
		<key>30BA89B61D1480000092F8AF</key>
		<dict>
			<key>fileEncoding</key>
			<string>4</string>
			<key>isa</key>
			<string>PBXFileReference</string>
			<key>lastKnownFileType</key>
			<string>sourcecode.c.h</string>
			<key>path</key>
			<string>JSQLocationMediaItem.h</string>
			<key>sourceTree</key>
			<string>&lt;group&gt;</string>
		</dict>
		<key>30BA89B71D1480000092F8AF</key>
		<dict>
			<key>fileEncoding</key>
			<string>4</string>
			<key>isa</key>
			<string>PBXFileReference</string>
			<key>lastKnownFileType</key>
			<string>sourcecode.c.objc</string>
			<key>path</key>
			<string>JSQLocationMediaItem.m</string>
			<key>sourceTree</key>
			<string>&lt;group&gt;</string>
		</dict>
		<key>30BA89B81D1480000092F8AF</key>
		<dict>
			<key>fileEncoding</key>
			<string>4</string>
			<key>isa</key>
			<string>PBXFileReference</string>
			<key>lastKnownFileType</key>
			<string>sourcecode.c.h</string>
			<key>path</key>
			<string>JSQMediaItem.h</string>
			<key>sourceTree</key>
			<string>&lt;group&gt;</string>
		</dict>
		<key>30BA89B91D1480000092F8AF</key>
		<dict>
			<key>fileEncoding</key>
			<string>4</string>
			<key>isa</key>
			<string>PBXFileReference</string>
			<key>lastKnownFileType</key>
			<string>sourcecode.c.objc</string>
			<key>path</key>
			<string>JSQMediaItem.m</string>
			<key>sourceTree</key>
			<string>&lt;group&gt;</string>
		</dict>
		<key>30BA89BA1D1480000092F8AF</key>
		<dict>
			<key>fileEncoding</key>
			<string>4</string>
			<key>isa</key>
			<string>PBXFileReference</string>
			<key>lastKnownFileType</key>
			<string>sourcecode.c.h</string>
			<key>path</key>
			<string>JSQMessage.h</string>
			<key>sourceTree</key>
			<string>&lt;group&gt;</string>
		</dict>
		<key>30BA89BB1D1480000092F8AF</key>
		<dict>
			<key>fileEncoding</key>
			<string>4</string>
			<key>isa</key>
			<string>PBXFileReference</string>
			<key>lastKnownFileType</key>
			<string>sourcecode.c.objc</string>
			<key>path</key>
			<string>JSQMessage.m</string>
			<key>sourceTree</key>
			<string>&lt;group&gt;</string>
		</dict>
		<key>30BA89BC1D1480000092F8AF</key>
		<dict>
			<key>fileEncoding</key>
			<string>4</string>
			<key>isa</key>
			<string>PBXFileReference</string>
			<key>lastKnownFileType</key>
			<string>sourcecode.c.h</string>
			<key>path</key>
			<string>JSQMessageAvatarImageDataSource.h</string>
			<key>sourceTree</key>
			<string>&lt;group&gt;</string>
		</dict>
		<key>30BA89BD1D1480000092F8AF</key>
		<dict>
			<key>fileEncoding</key>
			<string>4</string>
			<key>isa</key>
			<string>PBXFileReference</string>
			<key>lastKnownFileType</key>
			<string>sourcecode.c.h</string>
			<key>path</key>
			<string>JSQMessageBubbleImageDataSource.h</string>
			<key>sourceTree</key>
			<string>&lt;group&gt;</string>
		</dict>
		<key>30BA89BE1D1480000092F8AF</key>
		<dict>
			<key>fileEncoding</key>
			<string>4</string>
			<key>isa</key>
			<string>PBXFileReference</string>
			<key>lastKnownFileType</key>
			<string>sourcecode.c.h</string>
			<key>path</key>
			<string>JSQMessageData.h</string>
			<key>sourceTree</key>
			<string>&lt;group&gt;</string>
		</dict>
		<key>30BA89BF1D1480000092F8AF</key>
		<dict>
			<key>fileEncoding</key>
			<string>4</string>
			<key>isa</key>
			<string>PBXFileReference</string>
			<key>lastKnownFileType</key>
			<string>sourcecode.c.h</string>
			<key>path</key>
			<string>JSQMessageMediaData.h</string>
			<key>sourceTree</key>
			<string>&lt;group&gt;</string>
		</dict>
		<key>30BA89C01D1480000092F8AF</key>
		<dict>
			<key>fileEncoding</key>
			<string>4</string>
			<key>isa</key>
			<string>PBXFileReference</string>
			<key>lastKnownFileType</key>
			<string>sourcecode.c.h</string>
			<key>path</key>
			<string>JSQMessagesAvatarImage.h</string>
			<key>sourceTree</key>
			<string>&lt;group&gt;</string>
		</dict>
		<key>30BA89C11D1480000092F8AF</key>
		<dict>
			<key>fileEncoding</key>
			<string>4</string>
			<key>isa</key>
			<string>PBXFileReference</string>
			<key>lastKnownFileType</key>
			<string>sourcecode.c.objc</string>
			<key>path</key>
			<string>JSQMessagesAvatarImage.m</string>
			<key>sourceTree</key>
			<string>&lt;group&gt;</string>
		</dict>
		<key>30BA89C21D1480000092F8AF</key>
		<dict>
			<key>fileEncoding</key>
			<string>4</string>
			<key>isa</key>
			<string>PBXFileReference</string>
			<key>lastKnownFileType</key>
			<string>sourcecode.c.h</string>
			<key>path</key>
			<string>JSQMessagesBubbleImage.h</string>
			<key>sourceTree</key>
			<string>&lt;group&gt;</string>
		</dict>
		<key>30BA89C31D1480000092F8AF</key>
		<dict>
			<key>fileEncoding</key>
			<string>4</string>
			<key>isa</key>
			<string>PBXFileReference</string>
			<key>lastKnownFileType</key>
			<string>sourcecode.c.objc</string>
			<key>path</key>
			<string>JSQMessagesBubbleImage.m</string>
			<key>sourceTree</key>
			<string>&lt;group&gt;</string>
		</dict>
		<key>30BA89C41D1480000092F8AF</key>
		<dict>
			<key>fileEncoding</key>
			<string>4</string>
			<key>isa</key>
			<string>PBXFileReference</string>
			<key>lastKnownFileType</key>
			<string>sourcecode.c.h</string>
			<key>path</key>
			<string>JSQMessagesCollectionViewDataSource.h</string>
			<key>sourceTree</key>
			<string>&lt;group&gt;</string>
		</dict>
		<key>30BA89C51D1480000092F8AF</key>
		<dict>
			<key>fileEncoding</key>
			<string>4</string>
			<key>isa</key>
			<string>PBXFileReference</string>
			<key>lastKnownFileType</key>
			<string>sourcecode.c.h</string>
			<key>path</key>
			<string>JSQMessagesCollectionViewDelegateFlowLayout.h</string>
			<key>sourceTree</key>
			<string>&lt;group&gt;</string>
		</dict>
		<key>30BA89C61D1480000092F8AF</key>
		<dict>
			<key>fileEncoding</key>
			<string>4</string>
			<key>isa</key>
			<string>PBXFileReference</string>
			<key>lastKnownFileType</key>
			<string>sourcecode.c.h</string>
			<key>path</key>
			<string>JSQPhotoMediaItem.h</string>
			<key>sourceTree</key>
			<string>&lt;group&gt;</string>
		</dict>
		<key>30BA89C71D1480000092F8AF</key>
		<dict>
			<key>fileEncoding</key>
			<string>4</string>
			<key>isa</key>
			<string>PBXFileReference</string>
			<key>lastKnownFileType</key>
			<string>sourcecode.c.objc</string>
			<key>path</key>
			<string>JSQPhotoMediaItem.m</string>
			<key>sourceTree</key>
			<string>&lt;group&gt;</string>
		</dict>
		<key>30BA89C81D1480000092F8AF</key>
		<dict>
			<key>fileEncoding</key>
			<string>4</string>
			<key>isa</key>
			<string>PBXFileReference</string>
			<key>lastKnownFileType</key>
			<string>sourcecode.c.h</string>
			<key>path</key>
			<string>JSQVideoMediaItem.h</string>
			<key>sourceTree</key>
			<string>&lt;group&gt;</string>
		</dict>
		<key>30BA89C91D1480000092F8AF</key>
		<dict>
			<key>fileEncoding</key>
			<string>4</string>
			<key>isa</key>
			<string>PBXFileReference</string>
			<key>lastKnownFileType</key>
			<string>sourcecode.c.objc</string>
			<key>path</key>
			<string>JSQVideoMediaItem.m</string>
			<key>sourceTree</key>
			<string>&lt;group&gt;</string>
		</dict>
		<key>30BA89CA1D1480000092F8AF</key>
		<dict>
			<key>children</key>
			<array>
				<string>30BA89CB1D1480000092F8AF</string>
				<string>30BA89CC1D1480000092F8AF</string>
				<string>30BA89CD1D1480000092F8AF</string>
				<string>30BA89CE1D1480000092F8AF</string>
				<string>30BA89CF1D1480000092F8AF</string>
				<string>30BA89D01D1480000092F8AF</string>
				<string>30BA89D11D1480000092F8AF</string>
				<string>30BA89D21D1480000092F8AF</string>
				<string>30BA89D31D1480000092F8AF</string>
				<string>30BA89D41D1480000092F8AF</string>
				<string>30BA89D51D1480000092F8AF</string>
				<string>30BA89D61D1480000092F8AF</string>
				<string>30BA89D71D1480000092F8AF</string>
				<string>30BA89D81D1480000092F8AF</string>
				<string>30BA89D91D1480000092F8AF</string>
				<string>30BA89DA1D1480000092F8AF</string>
				<string>30BA89DB1D1480000092F8AF</string>
				<string>30BA89DC1D1480000092F8AF</string>
				<string>30BA89DD1D1480000092F8AF</string>
				<string>30BA89DE1D1480000092F8AF</string>
				<string>30BA89DF1D1480000092F8AF</string>
				<string>30BA89E01D1480000092F8AF</string>
				<string>30BA89E11D1480000092F8AF</string>
				<string>30BA89E21D1480000092F8AF</string>
				<string>30BA89E31D1480000092F8AF</string>
				<string>30BA89E41D1480000092F8AF</string>
				<string>30BA89E51D1480000092F8AF</string>
				<string>30BA89E61D1480000092F8AF</string>
				<string>30BA89E71D1480000092F8AF</string>
				<string>30BA89E81D1480000092F8AF</string>
				<string>30BA89E91D1480000092F8AF</string>
			</array>
			<key>isa</key>
			<string>PBXGroup</string>
			<key>path</key>
			<string>Views</string>
			<key>sourceTree</key>
			<string>&lt;group&gt;</string>
		</dict>
		<key>30BA89CB1D1480000092F8AF</key>
		<dict>
			<key>fileEncoding</key>
			<string>4</string>
			<key>isa</key>
			<string>PBXFileReference</string>
			<key>lastKnownFileType</key>
			<string>sourcecode.c.h</string>
			<key>path</key>
			<string>JSQMessagesCellTextView.h</string>
			<key>sourceTree</key>
			<string>&lt;group&gt;</string>
		</dict>
		<key>30BA89CC1D1480000092F8AF</key>
		<dict>
			<key>fileEncoding</key>
			<string>4</string>
			<key>isa</key>
			<string>PBXFileReference</string>
			<key>lastKnownFileType</key>
			<string>sourcecode.c.objc</string>
			<key>path</key>
			<string>JSQMessagesCellTextView.m</string>
			<key>sourceTree</key>
			<string>&lt;group&gt;</string>
		</dict>
		<key>30BA89CD1D1480000092F8AF</key>
		<dict>
			<key>fileEncoding</key>
			<string>4</string>
			<key>isa</key>
			<string>PBXFileReference</string>
			<key>lastKnownFileType</key>
			<string>sourcecode.c.h</string>
			<key>path</key>
			<string>JSQMessagesCollectionView.h</string>
			<key>sourceTree</key>
			<string>&lt;group&gt;</string>
		</dict>
		<key>30BA89CE1D1480000092F8AF</key>
		<dict>
			<key>fileEncoding</key>
			<string>4</string>
			<key>isa</key>
			<string>PBXFileReference</string>
			<key>lastKnownFileType</key>
			<string>sourcecode.c.objc</string>
			<key>path</key>
			<string>JSQMessagesCollectionView.m</string>
			<key>sourceTree</key>
			<string>&lt;group&gt;</string>
		</dict>
		<key>30BA89CF1D1480000092F8AF</key>
		<dict>
			<key>fileEncoding</key>
			<string>4</string>
			<key>isa</key>
			<string>PBXFileReference</string>
			<key>lastKnownFileType</key>
			<string>sourcecode.c.h</string>
			<key>path</key>
			<string>JSQMessagesCollectionViewCell.h</string>
			<key>sourceTree</key>
			<string>&lt;group&gt;</string>
		</dict>
		<key>30BA89D01D1480000092F8AF</key>
		<dict>
			<key>fileEncoding</key>
			<string>4</string>
			<key>isa</key>
			<string>PBXFileReference</string>
			<key>lastKnownFileType</key>
			<string>sourcecode.c.objc</string>
			<key>path</key>
			<string>JSQMessagesCollectionViewCell.m</string>
			<key>sourceTree</key>
			<string>&lt;group&gt;</string>
		</dict>
		<key>30BA89D11D1480000092F8AF</key>
		<dict>
			<key>fileEncoding</key>
			<string>4</string>
			<key>isa</key>
			<string>PBXFileReference</string>
			<key>lastKnownFileType</key>
			<string>sourcecode.c.h</string>
			<key>path</key>
			<string>JSQMessagesCollectionViewCellIncoming.h</string>
			<key>sourceTree</key>
			<string>&lt;group&gt;</string>
		</dict>
		<key>30BA89D21D1480000092F8AF</key>
		<dict>
			<key>fileEncoding</key>
			<string>4</string>
			<key>isa</key>
			<string>PBXFileReference</string>
			<key>lastKnownFileType</key>
			<string>sourcecode.c.objc</string>
			<key>path</key>
			<string>JSQMessagesCollectionViewCellIncoming.m</string>
			<key>sourceTree</key>
			<string>&lt;group&gt;</string>
		</dict>
		<key>30BA89D31D1480000092F8AF</key>
		<dict>
			<key>fileEncoding</key>
			<string>4</string>
			<key>isa</key>
			<string>PBXFileReference</string>
			<key>lastKnownFileType</key>
			<string>file.xib</string>
			<key>path</key>
			<string>JSQMessagesCollectionViewCellIncoming.xib</string>
			<key>sourceTree</key>
			<string>&lt;group&gt;</string>
		</dict>
		<key>30BA89D41D1480000092F8AF</key>
		<dict>
			<key>fileEncoding</key>
			<string>4</string>
			<key>isa</key>
			<string>PBXFileReference</string>
			<key>lastKnownFileType</key>
			<string>sourcecode.c.h</string>
			<key>path</key>
			<string>JSQMessagesCollectionViewCellOutgoing.h</string>
			<key>sourceTree</key>
			<string>&lt;group&gt;</string>
		</dict>
		<key>30BA89D51D1480000092F8AF</key>
		<dict>
			<key>fileEncoding</key>
			<string>4</string>
			<key>isa</key>
			<string>PBXFileReference</string>
			<key>lastKnownFileType</key>
			<string>sourcecode.c.objc</string>
			<key>path</key>
			<string>JSQMessagesCollectionViewCellOutgoing.m</string>
			<key>sourceTree</key>
			<string>&lt;group&gt;</string>
		</dict>
		<key>30BA89D61D1480000092F8AF</key>
		<dict>
			<key>fileEncoding</key>
			<string>4</string>
			<key>isa</key>
			<string>PBXFileReference</string>
			<key>lastKnownFileType</key>
			<string>file.xib</string>
			<key>path</key>
			<string>JSQMessagesCollectionViewCellOutgoing.xib</string>
			<key>sourceTree</key>
			<string>&lt;group&gt;</string>
		</dict>
		<key>30BA89D71D1480000092F8AF</key>
		<dict>
			<key>fileEncoding</key>
			<string>4</string>
			<key>isa</key>
			<string>PBXFileReference</string>
			<key>lastKnownFileType</key>
			<string>sourcecode.c.h</string>
			<key>path</key>
			<string>JSQMessagesComposerTextView.h</string>
			<key>sourceTree</key>
			<string>&lt;group&gt;</string>
		</dict>
		<key>30BA89D81D1480000092F8AF</key>
		<dict>
			<key>fileEncoding</key>
			<string>4</string>
			<key>isa</key>
			<string>PBXFileReference</string>
			<key>lastKnownFileType</key>
			<string>sourcecode.c.objc</string>
			<key>path</key>
			<string>JSQMessagesComposerTextView.m</string>
			<key>sourceTree</key>
			<string>&lt;group&gt;</string>
		</dict>
		<key>30BA89D91D1480000092F8AF</key>
		<dict>
			<key>fileEncoding</key>
			<string>4</string>
			<key>isa</key>
			<string>PBXFileReference</string>
			<key>lastKnownFileType</key>
			<string>sourcecode.c.h</string>
			<key>path</key>
			<string>JSQMessagesInputToolbar.h</string>
			<key>sourceTree</key>
			<string>&lt;group&gt;</string>
		</dict>
		<key>30BA89DA1D1480000092F8AF</key>
		<dict>
			<key>fileEncoding</key>
			<string>4</string>
			<key>isa</key>
			<string>PBXFileReference</string>
			<key>lastKnownFileType</key>
			<string>sourcecode.c.objc</string>
			<key>path</key>
			<string>JSQMessagesInputToolbar.m</string>
			<key>sourceTree</key>
			<string>&lt;group&gt;</string>
		</dict>
		<key>30BA89DB1D1480000092F8AF</key>
		<dict>
			<key>fileEncoding</key>
			<string>4</string>
			<key>isa</key>
			<string>PBXFileReference</string>
			<key>lastKnownFileType</key>
			<string>sourcecode.c.h</string>
			<key>path</key>
			<string>JSQMessagesLabel.h</string>
			<key>sourceTree</key>
			<string>&lt;group&gt;</string>
		</dict>
		<key>30BA89DC1D1480000092F8AF</key>
		<dict>
			<key>fileEncoding</key>
			<string>4</string>
			<key>isa</key>
			<string>PBXFileReference</string>
			<key>lastKnownFileType</key>
			<string>sourcecode.c.objc</string>
			<key>path</key>
			<string>JSQMessagesLabel.m</string>
			<key>sourceTree</key>
			<string>&lt;group&gt;</string>
		</dict>
		<key>30BA89DD1D1480000092F8AF</key>
		<dict>
			<key>fileEncoding</key>
			<string>4</string>
			<key>isa</key>
			<string>PBXFileReference</string>
			<key>lastKnownFileType</key>
			<string>sourcecode.c.h</string>
			<key>path</key>
			<string>JSQMessagesLoadEarlierHeaderView.h</string>
			<key>sourceTree</key>
			<string>&lt;group&gt;</string>
		</dict>
		<key>30BA89DE1D1480000092F8AF</key>
		<dict>
			<key>fileEncoding</key>
			<string>4</string>
			<key>isa</key>
			<string>PBXFileReference</string>
			<key>lastKnownFileType</key>
			<string>sourcecode.c.objc</string>
			<key>path</key>
			<string>JSQMessagesLoadEarlierHeaderView.m</string>
			<key>sourceTree</key>
			<string>&lt;group&gt;</string>
		</dict>
		<key>30BA89DF1D1480000092F8AF</key>
		<dict>
			<key>fileEncoding</key>
			<string>4</string>
			<key>isa</key>
			<string>PBXFileReference</string>
			<key>lastKnownFileType</key>
			<string>file.xib</string>
			<key>path</key>
			<string>JSQMessagesLoadEarlierHeaderView.xib</string>
			<key>sourceTree</key>
			<string>&lt;group&gt;</string>
		</dict>
		<key>30BA89E01D1480000092F8AF</key>
		<dict>
			<key>fileEncoding</key>
			<string>4</string>
			<key>isa</key>
			<string>PBXFileReference</string>
			<key>lastKnownFileType</key>
			<string>sourcecode.c.h</string>
			<key>path</key>
			<string>JSQMessagesMediaPlaceholderView.h</string>
			<key>sourceTree</key>
			<string>&lt;group&gt;</string>
		</dict>
		<key>30BA89E11D1480000092F8AF</key>
		<dict>
			<key>fileEncoding</key>
			<string>4</string>
			<key>isa</key>
			<string>PBXFileReference</string>
			<key>lastKnownFileType</key>
			<string>sourcecode.c.objc</string>
			<key>path</key>
			<string>JSQMessagesMediaPlaceholderView.m</string>
			<key>sourceTree</key>
			<string>&lt;group&gt;</string>
		</dict>
		<key>30BA89E21D1480000092F8AF</key>
		<dict>
			<key>fileEncoding</key>
			<string>4</string>
			<key>isa</key>
			<string>PBXFileReference</string>
			<key>lastKnownFileType</key>
			<string>sourcecode.c.h</string>
			<key>path</key>
			<string>JSQMessagesToolbarContentView.h</string>
			<key>sourceTree</key>
			<string>&lt;group&gt;</string>
		</dict>
		<key>30BA89E31D1480000092F8AF</key>
		<dict>
			<key>fileEncoding</key>
			<string>4</string>
			<key>isa</key>
			<string>PBXFileReference</string>
			<key>lastKnownFileType</key>
			<string>sourcecode.c.objc</string>
			<key>path</key>
			<string>JSQMessagesToolbarContentView.m</string>
			<key>sourceTree</key>
			<string>&lt;group&gt;</string>
		</dict>
		<key>30BA89E41D1480000092F8AF</key>
		<dict>
			<key>fileEncoding</key>
			<string>4</string>
			<key>isa</key>
			<string>PBXFileReference</string>
			<key>lastKnownFileType</key>
			<string>file.xib</string>
			<key>path</key>
			<string>JSQMessagesToolbarContentView.xib</string>
			<key>sourceTree</key>
			<string>&lt;group&gt;</string>
		</dict>
		<key>30BA89E51D1480000092F8AF</key>
		<dict>
			<key>fileEncoding</key>
			<string>4</string>
			<key>isa</key>
			<string>PBXFileReference</string>
			<key>lastKnownFileType</key>
			<string>sourcecode.c.h</string>
			<key>path</key>
			<string>JSQMessagesTypingIndicatorFooterView.h</string>
			<key>sourceTree</key>
			<string>&lt;group&gt;</string>
		</dict>
		<key>30BA89E61D1480000092F8AF</key>
		<dict>
			<key>fileEncoding</key>
			<string>4</string>
			<key>isa</key>
			<string>PBXFileReference</string>
			<key>lastKnownFileType</key>
			<string>sourcecode.c.objc</string>
			<key>path</key>
			<string>JSQMessagesTypingIndicatorFooterView.m</string>
			<key>sourceTree</key>
			<string>&lt;group&gt;</string>
		</dict>
		<key>30BA89E71D1480000092F8AF</key>
		<dict>
			<key>fileEncoding</key>
			<string>4</string>
			<key>isa</key>
			<string>PBXFileReference</string>
			<key>lastKnownFileType</key>
			<string>file.xib</string>
			<key>path</key>
			<string>JSQMessagesTypingIndicatorFooterView.xib</string>
			<key>sourceTree</key>
			<string>&lt;group&gt;</string>
		</dict>
		<key>30BA89E81D1480000092F8AF</key>
		<dict>
			<key>fileEncoding</key>
			<string>4</string>
			<key>isa</key>
			<string>PBXFileReference</string>
			<key>lastKnownFileType</key>
			<string>sourcecode.c.h</string>
			<key>path</key>
			<string>JSQMessagesTypingView.h</string>
			<key>sourceTree</key>
			<string>&lt;group&gt;</string>
		</dict>
		<key>30BA89E91D1480000092F8AF</key>
		<dict>
			<key>fileEncoding</key>
			<string>4</string>
			<key>isa</key>
			<string>PBXFileReference</string>
			<key>lastKnownFileType</key>
			<string>sourcecode.c.objc</string>
			<key>path</key>
			<string>JSQMessagesTypingView.m</string>
			<key>sourceTree</key>
			<string>&lt;group&gt;</string>
		</dict>
		<key>30BA89EA1D1480000092F8AF</key>
		<dict>
			<key>fileRef</key>
			<string>30BA898B1D1480000092F8AF</string>
			<key>isa</key>
			<string>PBXBuildFile</string>
		</dict>
		<key>30BA89EB1D1480000092F8AF</key>
		<dict>
			<key>fileRef</key>
			<string>30BA898E1D1480000092F8AF</string>
			<key>isa</key>
			<string>PBXBuildFile</string>
		</dict>
		<key>30BA89EC1D1480000092F8AF</key>
		<dict>
			<key>fileRef</key>
			<string>30BA89901D1480000092F8AF</string>
			<key>isa</key>
			<string>PBXBuildFile</string>
		</dict>
		<key>30BA89ED1D1480000092F8AF</key>
		<dict>
			<key>fileRef</key>
			<string>30BA89921D1480000092F8AF</string>
			<key>isa</key>
			<string>PBXBuildFile</string>
		</dict>
		<key>30BA89EE1D1480000092F8AF</key>
		<dict>
			<key>fileRef</key>
			<string>30BA89941D1480000092F8AF</string>
			<key>isa</key>
			<string>PBXBuildFile</string>
		</dict>
		<key>30BA89EF1D1480000092F8AF</key>
		<dict>
			<key>fileRef</key>
			<string>30BA89961D1480000092F8AF</string>
			<key>isa</key>
			<string>PBXBuildFile</string>
		</dict>
		<key>30BA89F01D1480000092F8AF</key>
		<dict>
			<key>fileRef</key>
			<string>30BA89991D1480000092F8AF</string>
			<key>isa</key>
			<string>PBXBuildFile</string>
		</dict>
		<key>30BA89F11D1480000092F8AF</key>
		<dict>
			<key>fileRef</key>
			<string>30BA899A1D1480000092F8AF</string>
			<key>isa</key>
			<string>PBXBuildFile</string>
		</dict>
		<key>30BA89F21D1480000092F8AF</key>
		<dict>
			<key>fileRef</key>
			<string>30BA899D1D1480000092F8AF</string>
			<key>isa</key>
			<string>PBXBuildFile</string>
		</dict>
		<key>30BA89F31D1480000092F8AF</key>
		<dict>
			<key>fileRef</key>
			<string>30BA899F1D1480000092F8AF</string>
			<key>isa</key>
			<string>PBXBuildFile</string>
		</dict>
		<key>30BA89F41D1480000092F8AF</key>
		<dict>
			<key>fileRef</key>
			<string>30BA89A11D1480000092F8AF</string>
			<key>isa</key>
			<string>PBXBuildFile</string>
		</dict>
		<key>30BA89F51D1480000092F8AF</key>
		<dict>
			<key>fileRef</key>
			<string>30BA89A31D1480000092F8AF</string>
			<key>isa</key>
			<string>PBXBuildFile</string>
		</dict>
		<key>30BA89F61D1480000092F8AF</key>
		<dict>
			<key>fileRef</key>
			<string>30BA89A51D1480000092F8AF</string>
			<key>isa</key>
			<string>PBXBuildFile</string>
		</dict>
		<key>30BA89F71D1480000092F8AF</key>
		<dict>
			<key>fileRef</key>
			<string>30BA89A91D1480000092F8AF</string>
			<key>isa</key>
			<string>PBXBuildFile</string>
		</dict>
		<key>30BA89F81D1480000092F8AF</key>
		<dict>
			<key>fileRef</key>
			<string>30BA89AC1D1480000092F8AF</string>
			<key>isa</key>
			<string>PBXBuildFile</string>
		</dict>
		<key>30BA89F91D1480000092F8AF</key>
		<dict>
			<key>fileRef</key>
			<string>30BA89AE1D1480000092F8AF</string>
			<key>isa</key>
			<string>PBXBuildFile</string>
		</dict>
		<key>30BA89FA1D1480000092F8AF</key>
		<dict>
			<key>fileRef</key>
			<string>30BA89B01D1480000092F8AF</string>
			<key>isa</key>
			<string>PBXBuildFile</string>
		</dict>
		<key>30BA89FB1D1480000092F8AF</key>
		<dict>
			<key>fileRef</key>
			<string>30BA89B21D1480000092F8AF</string>
			<key>isa</key>
			<string>PBXBuildFile</string>
		</dict>
		<key>30BA89FC1D1480000092F8AF</key>
		<dict>
			<key>fileRef</key>
			<string>30BA89B51D1480000092F8AF</string>
			<key>isa</key>
			<string>PBXBuildFile</string>
		</dict>
		<key>30BA89FD1D1480000092F8AF</key>
		<dict>
			<key>fileRef</key>
			<string>30BA89B71D1480000092F8AF</string>
			<key>isa</key>
			<string>PBXBuildFile</string>
		</dict>
		<key>30BA89FE1D1480000092F8AF</key>
		<dict>
			<key>fileRef</key>
			<string>30BA89B91D1480000092F8AF</string>
			<key>isa</key>
			<string>PBXBuildFile</string>
		</dict>
		<key>30BA89FF1D1480000092F8AF</key>
		<dict>
			<key>fileRef</key>
			<string>30BA89BB1D1480000092F8AF</string>
			<key>isa</key>
			<string>PBXBuildFile</string>
		</dict>
		<key>30BA8A001D1480000092F8AF</key>
		<dict>
			<key>fileRef</key>
			<string>30BA89C11D1480000092F8AF</string>
			<key>isa</key>
			<string>PBXBuildFile</string>
		</dict>
		<key>30BA8A011D1480000092F8AF</key>
		<dict>
			<key>fileRef</key>
			<string>30BA89C31D1480000092F8AF</string>
			<key>isa</key>
			<string>PBXBuildFile</string>
		</dict>
		<key>30BA8A021D1480000092F8AF</key>
		<dict>
			<key>fileRef</key>
			<string>30BA89C71D1480000092F8AF</string>
			<key>isa</key>
			<string>PBXBuildFile</string>
		</dict>
		<key>30BA8A031D1480000092F8AF</key>
		<dict>
			<key>fileRef</key>
			<string>30BA89C91D1480000092F8AF</string>
			<key>isa</key>
			<string>PBXBuildFile</string>
		</dict>
		<key>30BA8A041D1480000092F8AF</key>
		<dict>
			<key>fileRef</key>
			<string>30BA89CC1D1480000092F8AF</string>
			<key>isa</key>
			<string>PBXBuildFile</string>
		</dict>
		<key>30BA8A051D1480000092F8AF</key>
		<dict>
			<key>fileRef</key>
			<string>30BA89CE1D1480000092F8AF</string>
			<key>isa</key>
			<string>PBXBuildFile</string>
		</dict>
		<key>30BA8A061D1480000092F8AF</key>
		<dict>
			<key>fileRef</key>
			<string>30BA89D01D1480000092F8AF</string>
			<key>isa</key>
			<string>PBXBuildFile</string>
		</dict>
		<key>30BA8A071D1480000092F8AF</key>
		<dict>
			<key>fileRef</key>
			<string>30BA89D21D1480000092F8AF</string>
			<key>isa</key>
			<string>PBXBuildFile</string>
		</dict>
		<key>30BA8A081D1480000092F8AF</key>
		<dict>
			<key>fileRef</key>
			<string>30BA89D31D1480000092F8AF</string>
			<key>isa</key>
			<string>PBXBuildFile</string>
		</dict>
		<key>30BA8A091D1480000092F8AF</key>
		<dict>
			<key>fileRef</key>
			<string>30BA89D51D1480000092F8AF</string>
			<key>isa</key>
			<string>PBXBuildFile</string>
		</dict>
		<key>30BA8A0A1D1480000092F8AF</key>
		<dict>
			<key>fileRef</key>
			<string>30BA89D61D1480000092F8AF</string>
			<key>isa</key>
			<string>PBXBuildFile</string>
		</dict>
		<key>30BA8A0B1D1480000092F8AF</key>
		<dict>
			<key>fileRef</key>
			<string>30BA89D81D1480000092F8AF</string>
			<key>isa</key>
			<string>PBXBuildFile</string>
		</dict>
		<key>30BA8A0C1D1480000092F8AF</key>
		<dict>
			<key>fileRef</key>
			<string>30BA89DA1D1480000092F8AF</string>
			<key>isa</key>
			<string>PBXBuildFile</string>
		</dict>
		<key>30BA8A0D1D1480000092F8AF</key>
		<dict>
			<key>fileRef</key>
			<string>30BA89DC1D1480000092F8AF</string>
			<key>isa</key>
			<string>PBXBuildFile</string>
		</dict>
		<key>30BA8A0E1D1480000092F8AF</key>
		<dict>
			<key>fileRef</key>
			<string>30BA89DE1D1480000092F8AF</string>
			<key>isa</key>
			<string>PBXBuildFile</string>
		</dict>
		<key>30BA8A0F1D1480000092F8AF</key>
		<dict>
			<key>fileRef</key>
			<string>30BA89DF1D1480000092F8AF</string>
			<key>isa</key>
			<string>PBXBuildFile</string>
		</dict>
		<key>30BA8A101D1480000092F8AF</key>
		<dict>
			<key>fileRef</key>
			<string>30BA89E11D1480000092F8AF</string>
			<key>isa</key>
			<string>PBXBuildFile</string>
		</dict>
		<key>30BA8A111D1480000092F8AF</key>
		<dict>
			<key>fileRef</key>
			<string>30BA89E31D1480000092F8AF</string>
			<key>isa</key>
			<string>PBXBuildFile</string>
		</dict>
		<key>30BA8A121D1480000092F8AF</key>
		<dict>
			<key>fileRef</key>
			<string>30BA89E41D1480000092F8AF</string>
			<key>isa</key>
			<string>PBXBuildFile</string>
		</dict>
		<key>30BA8A131D1480000092F8AF</key>
		<dict>
			<key>fileRef</key>
			<string>30BA89E61D1480000092F8AF</string>
			<key>isa</key>
			<string>PBXBuildFile</string>
		</dict>
		<key>30BA8A141D1480000092F8AF</key>
		<dict>
			<key>fileRef</key>
			<string>30BA89E71D1480000092F8AF</string>
			<key>isa</key>
			<string>PBXBuildFile</string>
		</dict>
		<key>30BA8A151D1480000092F8AF</key>
		<dict>
			<key>fileRef</key>
			<string>30BA89E91D1480000092F8AF</string>
			<key>isa</key>
			<string>PBXBuildFile</string>
		</dict>
		<key>30BA8A161D1480260092F8AF</key>
		<dict>
			<key>fileEncoding</key>
			<string>4</string>
			<key>isa</key>
			<string>PBXFileReference</string>
			<key>lastKnownFileType</key>
			<string>sourcecode.c.h</string>
			<key>path</key>
			<string>JSQSystemSoundPlayer.h</string>
			<key>sourceTree</key>
			<string>&lt;group&gt;</string>
		</dict>
		<key>30BA8A171D1480260092F8AF</key>
		<dict>
			<key>fileEncoding</key>
			<string>4</string>
			<key>isa</key>
			<string>PBXFileReference</string>
			<key>lastKnownFileType</key>
			<string>sourcecode.c.objc</string>
			<key>path</key>
			<string>JSQSystemSoundPlayer.m</string>
			<key>sourceTree</key>
			<string>&lt;group&gt;</string>
		</dict>
		<key>30BA8A181D1480260092F8AF</key>
		<dict>
			<key>fileRef</key>
			<string>30BA8A171D1480260092F8AF</string>
			<key>isa</key>
			<string>PBXBuildFile</string>
		</dict>
		<key>30BA8A191D1481AF0092F8AF</key>
		<dict>
			<key>fileEncoding</key>
			<string>4</string>
			<key>isa</key>
			<string>PBXFileReference</string>
			<key>lastKnownFileType</key>
			<string>sourcecode.swift</string>
			<key>path</key>
			<string>ChatViewController.swift</string>
			<key>sourceTree</key>
			<string>&lt;group&gt;</string>
		</dict>
		<key>30BA8A1A1D1481AF0092F8AF</key>
		<dict>
			<key>fileRef</key>
			<string>30BA8A191D1481AF0092F8AF</string>
			<key>isa</key>
			<string>PBXBuildFile</string>
		</dict>
		<key>30BA8A1B1D1482E80092F8AF</key>
		<dict>
			<key>isa</key>
			<string>PBXFileReference</string>
			<key>lastKnownFileType</key>
			<string>wrapper.framework</string>
			<key>name</key>
			<string>Accounts.framework</string>
			<key>path</key>
			<string>System/Library/Frameworks/Accounts.framework</string>
			<key>sourceTree</key>
			<string>SDKROOT</string>
		</dict>
		<key>30BA8A1C1D1482E80092F8AF</key>
		<dict>
			<key>fileRef</key>
			<string>30BA8A1B1D1482E80092F8AF</string>
			<key>isa</key>
			<string>PBXBuildFile</string>
		</dict>
		<key>30BA8A1D1D1482F30092F8AF</key>
		<dict>
			<key>isa</key>
			<string>PBXFileReference</string>
			<key>lastKnownFileType</key>
			<string>wrapper.framework</string>
			<key>name</key>
			<string>Social.framework</string>
			<key>path</key>
			<string>System/Library/Frameworks/Social.framework</string>
			<key>sourceTree</key>
			<string>SDKROOT</string>
		</dict>
		<key>30BA8A1E1D1482F30092F8AF</key>
		<dict>
			<key>fileRef</key>
			<string>30BA8A1D1D1482F30092F8AF</string>
			<key>isa</key>
			<string>PBXBuildFile</string>
		</dict>
		<key>30BA8A1F1D149A7F0092F8AF</key>
		<dict>
			<key>fileEncoding</key>
			<string>4</string>
			<key>isa</key>
			<string>PBXFileReference</string>
			<key>lastKnownFileType</key>
			<string>sourcecode.swift</string>
			<key>path</key>
			<string>SignUpViewController.swift</string>
			<key>sourceTree</key>
			<string>&lt;group&gt;</string>
		</dict>
		<key>30BA8A201D149A7F0092F8AF</key>
		<dict>
			<key>fileRef</key>
			<string>30BA8A1F1D149A7F0092F8AF</string>
			<key>isa</key>
			<string>PBXBuildFile</string>
		</dict>
		<key>3A3FD409B9A65D1378A5669C</key>
		<dict>
			<key>children</key>
			<array>
				<string>30BA8A1D1D1482F30092F8AF</string>
				<string>30BA8A1B1D1482E80092F8AF</string>
				<string>DC51C5DD4BC9223911F080E4</string>
			</array>
			<key>isa</key>
			<string>PBXGroup</string>
			<key>name</key>
			<string>Frameworks</string>
			<key>sourceTree</key>
			<string>&lt;group&gt;</string>
		</dict>
		<key>43A60CE5D00F726C546D2E90</key>
		<dict>
			<key>includeInIndex</key>
			<string>1</string>
			<key>isa</key>
			<string>PBXFileReference</string>
			<key>lastKnownFileType</key>
			<string>text.xcconfig</string>
			<key>name</key>
			<string>Pods-UniversalChat.release.xcconfig</string>
			<key>path</key>
			<string>Pods/Target Support Files/Pods-UniversalChat/Pods-UniversalChat.release.xcconfig</string>
			<key>sourceTree</key>
			<string>&lt;group&gt;</string>
		</dict>
		<key>4582FFE1479EAB9A530DD31B</key>
		<dict>
			<key>children</key>
			<array>
				<string>7797032086CAD58629F9647C</string>
				<string>43A60CE5D00F726C546D2E90</string>
			</array>
			<key>isa</key>
			<string>PBXGroup</string>
			<key>name</key>
			<string>Pods</string>
			<key>sourceTree</key>
			<string>&lt;group&gt;</string>
		</dict>
		<key>7797032086CAD58629F9647C</key>
		<dict>
			<key>includeInIndex</key>
			<string>1</string>
			<key>isa</key>
			<string>PBXFileReference</string>
			<key>lastKnownFileType</key>
			<string>text.xcconfig</string>
			<key>name</key>
			<string>Pods-UniversalChat.debug.xcconfig</string>
			<key>path</key>
			<string>Pods/Target Support Files/Pods-UniversalChat/Pods-UniversalChat.debug.xcconfig</string>
			<key>sourceTree</key>
			<string>&lt;group&gt;</string>
		</dict>
		<key>CB72DEFB231C5FD7940C499A</key>
		<dict>
			<key>buildActionMask</key>
			<string>2147483647</string>
			<key>files</key>
			<array/>
			<key>inputPaths</key>
			<array/>
			<key>isa</key>
			<string>PBXShellScriptBuildPhase</string>
			<key>name</key>
			<string>Embed Pods Frameworks</string>
			<key>outputPaths</key>
			<array/>
			<key>runOnlyForDeploymentPostprocessing</key>
			<string>0</string>
			<key>shellPath</key>
			<string>/bin/sh</string>
			<key>shellScript</key>
			<string>"${SRCROOT}/Pods/Target Support Files/Pods-UniversalChat/Pods-UniversalChat-frameworks.sh"
</string>
			<key>showEnvVarsInLog</key>
			<string>0</string>
		</dict>
		<key>DAEB2A088E83E4D29A3C566B</key>
		<dict>
			<key>fileRef</key>
			<string>DC51C5DD4BC9223911F080E4</string>
			<key>isa</key>
			<string>PBXBuildFile</string>
		</dict>
		<key>DC51C5DD4BC9223911F080E4</key>
		<dict>
			<key>explicitFileType</key>
			<string>wrapper.framework</string>
			<key>includeInIndex</key>
			<string>0</string>
			<key>isa</key>
			<string>PBXFileReference</string>
			<key>path</key>
			<string>Pods_UniversalChat.framework</string>
			<key>sourceTree</key>
			<string>BUILT_PRODUCTS_DIR</string>
		</dict>
	</dict>
	<key>rootObject</key>
	<string>3083B61D1D131222006CE632</string>
</dict>
</plist>
