// !$*UTF8*$!
{
	archiveVersion = 1;
	classes = {
	};
	objectVersion = 46;
	objects = {

/* Begin PBXBuildFile section */
		304498881D19DDC7008AD163 /* MeasurementHelper.swift in Sources */ = {isa = PBXBuildFile; fileRef = 304498871D19DDC7008AD163 /* MeasurementHelper.swift */; };
		3044988B1D19DDD4008AD163 /* AppState.swift in Sources */ = {isa = PBXBuildFile; fileRef = 304498891D19DDD4008AD163 /* AppState.swift */; };
		3044988C1D19DDD4008AD163 /* Constants.swift in Sources */ = {isa = PBXBuildFile; fileRef = 3044988A1D19DDD4008AD163 /* Constants.swift */; };
		3083B6291D131222006CE632 /* AppDelegate.swift in Sources */ = {isa = PBXBuildFile; fileRef = 3083B6281D131222006CE632 /* AppDelegate.swift */; };
		3083B62E1D131222006CE632 /* Main.storyboard in Resources */ = {isa = PBXBuildFile; fileRef = 3083B62C1D131222006CE632 /* Main.storyboard */; };
		3083B6301D131222006CE632 /* Assets.xcassets in Resources */ = {isa = PBXBuildFile; fileRef = 3083B62F1D131222006CE632 /* Assets.xcassets */; };
		3083B6331D131222006CE632 /* LaunchScreen.storyboard in Resources */ = {isa = PBXBuildFile; fileRef = 3083B6311D131222006CE632 /* LaunchScreen.storyboard */; };
		3083B63B1D131538006CE632 /* GoogleService-Info.plist in Resources */ = {isa = PBXBuildFile; fileRef = 3083B63A1D131538006CE632 /* GoogleService-Info.plist */; };
		309B9D851D1A02E20038E1E8 /* OverviewTableViewController.swift in Sources */ = {isa = PBXBuildFile; fileRef = 309B9D841D1A02E20038E1E8 /* OverviewTableViewController.swift */; };
		309B9D871D1B288E0038E1E8 /* ChooseTableViewController.swift in Sources */ = {isa = PBXBuildFile; fileRef = 309B9D861D1B288E0038E1E8 /* ChooseTableViewController.swift */; };
		30BA89831D146D370092F8AF /* LoginSignUpViewController.swift in Sources */ = {isa = PBXBuildFile; fileRef = 30BA89821D146D370092F8AF /* LoginSignUpViewController.swift */; };
		30BA89EA1D1480000092F8AF /* JSQMessagesAssets.bundle in Resources */ = {isa = PBXBuildFile; fileRef = 30BA898B1D1480000092F8AF /* JSQMessagesAssets.bundle */; };
		30BA89EB1D1480000092F8AF /* NSBundle+JSQMessages.m in Sources */ = {isa = PBXBuildFile; fileRef = 30BA898E1D1480000092F8AF /* NSBundle+JSQMessages.m */; };
		30BA89EC1D1480000092F8AF /* NSString+JSQMessages.m in Sources */ = {isa = PBXBuildFile; fileRef = 30BA89901D1480000092F8AF /* NSString+JSQMessages.m */; };
		30BA89ED1D1480000092F8AF /* UIColor+JSQMessages.m in Sources */ = {isa = PBXBuildFile; fileRef = 30BA89921D1480000092F8AF /* UIColor+JSQMessages.m */; };
		30BA89EE1D1480000092F8AF /* UIImage+JSQMessages.m in Sources */ = {isa = PBXBuildFile; fileRef = 30BA89941D1480000092F8AF /* UIImage+JSQMessages.m */; };
		30BA89EF1D1480000092F8AF /* UIView+JSQMessages.m in Sources */ = {isa = PBXBuildFile; fileRef = 30BA89961D1480000092F8AF /* UIView+JSQMessages.m */; };
		30BA89F01D1480000092F8AF /* JSQMessagesViewController.m in Sources */ = {isa = PBXBuildFile; fileRef = 30BA89991D1480000092F8AF /* JSQMessagesViewController.m */; };
		30BA89F11D1480000092F8AF /* JSQMessagesViewController.xib in Resources */ = {isa = PBXBuildFile; fileRef = 30BA899A1D1480000092F8AF /* JSQMessagesViewController.xib */; };
		30BA89F21D1480000092F8AF /* JSQMessagesAvatarImageFactory.m in Sources */ = {isa = PBXBuildFile; fileRef = 30BA899D1D1480000092F8AF /* JSQMessagesAvatarImageFactory.m */; };
		30BA89F31D1480000092F8AF /* JSQMessagesBubbleImageFactory.m in Sources */ = {isa = PBXBuildFile; fileRef = 30BA899F1D1480000092F8AF /* JSQMessagesBubbleImageFactory.m */; };
		30BA89F41D1480000092F8AF /* JSQMessagesMediaViewBubbleImageMasker.m in Sources */ = {isa = PBXBuildFile; fileRef = 30BA89A11D1480000092F8AF /* JSQMessagesMediaViewBubbleImageMasker.m */; };
		30BA89F51D1480000092F8AF /* JSQMessagesTimestampFormatter.m in Sources */ = {isa = PBXBuildFile; fileRef = 30BA89A31D1480000092F8AF /* JSQMessagesTimestampFormatter.m */; };
		30BA89F61D1480000092F8AF /* JSQMessagesToolbarButtonFactory.m in Sources */ = {isa = PBXBuildFile; fileRef = 30BA89A51D1480000092F8AF /* JSQMessagesToolbarButtonFactory.m */; };
		30BA89F71D1480000092F8AF /* JSQAudioMediaViewAttributes.m in Sources */ = {isa = PBXBuildFile; fileRef = 30BA89A91D1480000092F8AF /* JSQAudioMediaViewAttributes.m */; };
		30BA89F81D1480000092F8AF /* JSQMessagesBubblesSizeCalculator.m in Sources */ = {isa = PBXBuildFile; fileRef = 30BA89AC1D1480000092F8AF /* JSQMessagesBubblesSizeCalculator.m */; };
		30BA89F91D1480000092F8AF /* JSQMessagesCollectionViewFlowLayout.m in Sources */ = {isa = PBXBuildFile; fileRef = 30BA89AE1D1480000092F8AF /* JSQMessagesCollectionViewFlowLayout.m */; };
		30BA89FA1D1480000092F8AF /* JSQMessagesCollectionViewFlowLayoutInvalidationContext.m in Sources */ = {isa = PBXBuildFile; fileRef = 30BA89B01D1480000092F8AF /* JSQMessagesCollectionViewFlowLayoutInvalidationContext.m */; };
		30BA89FB1D1480000092F8AF /* JSQMessagesCollectionViewLayoutAttributes.m in Sources */ = {isa = PBXBuildFile; fileRef = 30BA89B21D1480000092F8AF /* JSQMessagesCollectionViewLayoutAttributes.m */; };
		30BA89FC1D1480000092F8AF /* JSQAudioMediaItem.m in Sources */ = {isa = PBXBuildFile; fileRef = 30BA89B51D1480000092F8AF /* JSQAudioMediaItem.m */; };
		30BA89FD1D1480000092F8AF /* JSQLocationMediaItem.m in Sources */ = {isa = PBXBuildFile; fileRef = 30BA89B71D1480000092F8AF /* JSQLocationMediaItem.m */; };
		30BA89FE1D1480000092F8AF /* JSQMediaItem.m in Sources */ = {isa = PBXBuildFile; fileRef = 30BA89B91D1480000092F8AF /* JSQMediaItem.m */; };
		30BA89FF1D1480000092F8AF /* JSQMessage.m in Sources */ = {isa = PBXBuildFile; fileRef = 30BA89BB1D1480000092F8AF /* JSQMessage.m */; };
		30BA8A001D1480000092F8AF /* JSQMessagesAvatarImage.m in Sources */ = {isa = PBXBuildFile; fileRef = 30BA89C11D1480000092F8AF /* JSQMessagesAvatarImage.m */; };
		30BA8A011D1480000092F8AF /* JSQMessagesBubbleImage.m in Sources */ = {isa = PBXBuildFile; fileRef = 30BA89C31D1480000092F8AF /* JSQMessagesBubbleImage.m */; };
		30BA8A021D1480000092F8AF /* JSQPhotoMediaItem.m in Sources */ = {isa = PBXBuildFile; fileRef = 30BA89C71D1480000092F8AF /* JSQPhotoMediaItem.m */; };
		30BA8A031D1480000092F8AF /* JSQVideoMediaItem.m in Sources */ = {isa = PBXBuildFile; fileRef = 30BA89C91D1480000092F8AF /* JSQVideoMediaItem.m */; };
		30BA8A041D1480000092F8AF /* JSQMessagesCellTextView.m in Sources */ = {isa = PBXBuildFile; fileRef = 30BA89CC1D1480000092F8AF /* JSQMessagesCellTextView.m */; };
		30BA8A051D1480000092F8AF /* JSQMessagesCollectionView.m in Sources */ = {isa = PBXBuildFile; fileRef = 30BA89CE1D1480000092F8AF /* JSQMessagesCollectionView.m */; };
		30BA8A061D1480000092F8AF /* JSQMessagesCollectionViewCell.m in Sources */ = {isa = PBXBuildFile; fileRef = 30BA89D01D1480000092F8AF /* JSQMessagesCollectionViewCell.m */; };
		30BA8A071D1480000092F8AF /* JSQMessagesCollectionViewCellIncoming.m in Sources */ = {isa = PBXBuildFile; fileRef = 30BA89D21D1480000092F8AF /* JSQMessagesCollectionViewCellIncoming.m */; };
		30BA8A081D1480000092F8AF /* JSQMessagesCollectionViewCellIncoming.xib in Resources */ = {isa = PBXBuildFile; fileRef = 30BA89D31D1480000092F8AF /* JSQMessagesCollectionViewCellIncoming.xib */; };
		30BA8A091D1480000092F8AF /* JSQMessagesCollectionViewCellOutgoing.m in Sources */ = {isa = PBXBuildFile; fileRef = 30BA89D51D1480000092F8AF /* JSQMessagesCollectionViewCellOutgoing.m */; };
		30BA8A0A1D1480000092F8AF /* JSQMessagesCollectionViewCellOutgoing.xib in Resources */ = {isa = PBXBuildFile; fileRef = 30BA89D61D1480000092F8AF /* JSQMessagesCollectionViewCellOutgoing.xib */; };
		30BA8A0B1D1480000092F8AF /* JSQMessagesComposerTextView.m in Sources */ = {isa = PBXBuildFile; fileRef = 30BA89D81D1480000092F8AF /* JSQMessagesComposerTextView.m */; };
		30BA8A0C1D1480000092F8AF /* JSQMessagesInputToolbar.m in Sources */ = {isa = PBXBuildFile; fileRef = 30BA89DA1D1480000092F8AF /* JSQMessagesInputToolbar.m */; };
		30BA8A0D1D1480000092F8AF /* JSQMessagesLabel.m in Sources */ = {isa = PBXBuildFile; fileRef = 30BA89DC1D1480000092F8AF /* JSQMessagesLabel.m */; };
		30BA8A0E1D1480000092F8AF /* JSQMessagesLoadEarlierHeaderView.m in Sources */ = {isa = PBXBuildFile; fileRef = 30BA89DE1D1480000092F8AF /* JSQMessagesLoadEarlierHeaderView.m */; };
		30BA8A0F1D1480000092F8AF /* JSQMessagesLoadEarlierHeaderView.xib in Resources */ = {isa = PBXBuildFile; fileRef = 30BA89DF1D1480000092F8AF /* JSQMessagesLoadEarlierHeaderView.xib */; };
		30BA8A101D1480000092F8AF /* JSQMessagesMediaPlaceholderView.m in Sources */ = {isa = PBXBuildFile; fileRef = 30BA89E11D1480000092F8AF /* JSQMessagesMediaPlaceholderView.m */; };
		30BA8A111D1480000092F8AF /* JSQMessagesToolbarContentView.m in Sources */ = {isa = PBXBuildFile; fileRef = 30BA89E31D1480000092F8AF /* JSQMessagesToolbarContentView.m */; };
		30BA8A121D1480000092F8AF /* JSQMessagesToolbarContentView.xib in Resources */ = {isa = PBXBuildFile; fileRef = 30BA89E41D1480000092F8AF /* JSQMessagesToolbarContentView.xib */; };
		30BA8A131D1480000092F8AF /* JSQMessagesTypingIndicatorFooterView.m in Sources */ = {isa = PBXBuildFile; fileRef = 30BA89E61D1480000092F8AF /* JSQMessagesTypingIndicatorFooterView.m */; };
		30BA8A141D1480000092F8AF /* JSQMessagesTypingIndicatorFooterView.xib in Resources */ = {isa = PBXBuildFile; fileRef = 30BA89E71D1480000092F8AF /* JSQMessagesTypingIndicatorFooterView.xib */; };
		30BA8A151D1480000092F8AF /* JSQMessagesTypingView.m in Sources */ = {isa = PBXBuildFile; fileRef = 30BA89E91D1480000092F8AF /* JSQMessagesTypingView.m */; };
		30BA8A181D1480260092F8AF /* JSQSystemSoundPlayer.m in Sources */ = {isa = PBXBuildFile; fileRef = 30BA8A171D1480260092F8AF /* JSQSystemSoundPlayer.m */; };
		30BA8A1C1D1482E80092F8AF /* Accounts.framework in Frameworks */ = {isa = PBXBuildFile; fileRef = 30BA8A1B1D1482E80092F8AF /* Accounts.framework */; };
		30BA8A1E1D1482F30092F8AF /* Social.framework in Frameworks */ = {isa = PBXBuildFile; fileRef = 30BA8A1D1D1482F30092F8AF /* Social.framework */; };
		DAEB2A088E83E4D29A3C566B /* Pods_UniversalChat.framework in Frameworks */ = {isa = PBXBuildFile; fileRef = DC51C5DD4BC9223911F080E4 /* Pods_UniversalChat.framework */; };
/* End PBXBuildFile section */

/* Begin PBXFileReference section */
		304498871D19DDC7008AD163 /* MeasurementHelper.swift */ = {isa = PBXFileReference; fileEncoding = 4; lastKnownFileType = sourcecode.swift; path = MeasurementHelper.swift; sourceTree = "<group>"; };
		304498891D19DDD4008AD163 /* AppState.swift */ = {isa = PBXFileReference; fileEncoding = 4; lastKnownFileType = sourcecode.swift; path = AppState.swift; sourceTree = "<group>"; };
		3044988A1D19DDD4008AD163 /* Constants.swift */ = {isa = PBXFileReference; fileEncoding = 4; lastKnownFileType = sourcecode.swift; path = Constants.swift; sourceTree = "<group>"; };
		3083B6251D131222006CE632 /* UniversalChat.app */ = {isa = PBXFileReference; explicitFileType = wrapper.application; includeInIndex = 0; path = UniversalChat.app; sourceTree = BUILT_PRODUCTS_DIR; };
		3083B6281D131222006CE632 /* AppDelegate.swift */ = {isa = PBXFileReference; lastKnownFileType = sourcecode.swift; path = AppDelegate.swift; sourceTree = "<group>"; };
		3083B62D1D131222006CE632 /* Base */ = {isa = PBXFileReference; lastKnownFileType = file.storyboard; name = Base; path = Base.lproj/Main.storyboard; sourceTree = "<group>"; };
		3083B62F1D131222006CE632 /* Assets.xcassets */ = {isa = PBXFileReference; lastKnownFileType = folder.assetcatalog; path = Assets.xcassets; sourceTree = "<group>"; };
		3083B6321D131222006CE632 /* Base */ = {isa = PBXFileReference; lastKnownFileType = file.storyboard; name = Base; path = Base.lproj/LaunchScreen.storyboard; sourceTree = "<group>"; };
		3083B6341D131222006CE632 /* Info.plist */ = {isa = PBXFileReference; lastKnownFileType = text.plist.xml; path = Info.plist; sourceTree = "<group>"; };
		3083B63A1D131538006CE632 /* GoogleService-Info.plist */ = {isa = PBXFileReference; fileEncoding = 4; lastKnownFileType = text.plist.xml; path = "GoogleService-Info.plist"; sourceTree = "<group>"; };
		309B9D841D1A02E20038E1E8 /* OverviewTableViewController.swift */ = {isa = PBXFileReference; fileEncoding = 4; lastKnownFileType = sourcecode.swift; path = OverviewTableViewController.swift; sourceTree = "<group>"; };
		309B9D861D1B288E0038E1E8 /* ChooseTableViewController.swift */ = {isa = PBXFileReference; fileEncoding = 4; lastKnownFileType = sourcecode.swift; path = ChooseTableViewController.swift; sourceTree = "<group>"; };
		30BA89821D146D370092F8AF /* LoginSignUpViewController.swift */ = {isa = PBXFileReference; fileEncoding = 4; lastKnownFileType = sourcecode.swift; path = LoginSignUpViewController.swift; sourceTree = "<group>"; };
		30BA89841D147CA20092F8AF /* UniversalChat-Bridging-Header.h */ = {isa = PBXFileReference; lastKnownFileType = sourcecode.c.h; path = "UniversalChat-Bridging-Header.h"; sourceTree = "<group>"; };
		30BA898B1D1480000092F8AF /* JSQMessagesAssets.bundle */ = {isa = PBXFileReference; lastKnownFileType = "wrapper.plug-in"; path = JSQMessagesAssets.bundle; sourceTree = "<group>"; };
		30BA898D1D1480000092F8AF /* NSBundle+JSQMessages.h */ = {isa = PBXFileReference; fileEncoding = 4; lastKnownFileType = sourcecode.c.h; path = "NSBundle+JSQMessages.h"; sourceTree = "<group>"; };
		30BA898E1D1480000092F8AF /* NSBundle+JSQMessages.m */ = {isa = PBXFileReference; fileEncoding = 4; lastKnownFileType = sourcecode.c.objc; path = "NSBundle+JSQMessages.m"; sourceTree = "<group>"; };
		30BA898F1D1480000092F8AF /* NSString+JSQMessages.h */ = {isa = PBXFileReference; fileEncoding = 4; lastKnownFileType = sourcecode.c.h; path = "NSString+JSQMessages.h"; sourceTree = "<group>"; };
		30BA89901D1480000092F8AF /* NSString+JSQMessages.m */ = {isa = PBXFileReference; fileEncoding = 4; lastKnownFileType = sourcecode.c.objc; path = "NSString+JSQMessages.m"; sourceTree = "<group>"; };
		30BA89911D1480000092F8AF /* UIColor+JSQMessages.h */ = {isa = PBXFileReference; fileEncoding = 4; lastKnownFileType = sourcecode.c.h; path = "UIColor+JSQMessages.h"; sourceTree = "<group>"; };
		30BA89921D1480000092F8AF /* UIColor+JSQMessages.m */ = {isa = PBXFileReference; fileEncoding = 4; lastKnownFileType = sourcecode.c.objc; path = "UIColor+JSQMessages.m"; sourceTree = "<group>"; };
		30BA89931D1480000092F8AF /* UIImage+JSQMessages.h */ = {isa = PBXFileReference; fileEncoding = 4; lastKnownFileType = sourcecode.c.h; path = "UIImage+JSQMessages.h"; sourceTree = "<group>"; };
		30BA89941D1480000092F8AF /* UIImage+JSQMessages.m */ = {isa = PBXFileReference; fileEncoding = 4; lastKnownFileType = sourcecode.c.objc; path = "UIImage+JSQMessages.m"; sourceTree = "<group>"; };
		30BA89951D1480000092F8AF /* UIView+JSQMessages.h */ = {isa = PBXFileReference; fileEncoding = 4; lastKnownFileType = sourcecode.c.h; path = "UIView+JSQMessages.h"; sourceTree = "<group>"; };
		30BA89961D1480000092F8AF /* UIView+JSQMessages.m */ = {isa = PBXFileReference; fileEncoding = 4; lastKnownFileType = sourcecode.c.objc; path = "UIView+JSQMessages.m"; sourceTree = "<group>"; };
		30BA89981D1480000092F8AF /* JSQMessagesViewController.h */ = {isa = PBXFileReference; fileEncoding = 4; lastKnownFileType = sourcecode.c.h; path = JSQMessagesViewController.h; sourceTree = "<group>"; };
		30BA89991D1480000092F8AF /* JSQMessagesViewController.m */ = {isa = PBXFileReference; fileEncoding = 4; lastKnownFileType = sourcecode.c.objc; path = JSQMessagesViewController.m; sourceTree = "<group>"; };
		30BA899A1D1480000092F8AF /* JSQMessagesViewController.xib */ = {isa = PBXFileReference; fileEncoding = 4; lastKnownFileType = file.xib; path = JSQMessagesViewController.xib; sourceTree = "<group>"; };
		30BA899C1D1480000092F8AF /* JSQMessagesAvatarImageFactory.h */ = {isa = PBXFileReference; fileEncoding = 4; lastKnownFileType = sourcecode.c.h; path = JSQMessagesAvatarImageFactory.h; sourceTree = "<group>"; };
		30BA899D1D1480000092F8AF /* JSQMessagesAvatarImageFactory.m */ = {isa = PBXFileReference; fileEncoding = 4; lastKnownFileType = sourcecode.c.objc; path = JSQMessagesAvatarImageFactory.m; sourceTree = "<group>"; };
		30BA899E1D1480000092F8AF /* JSQMessagesBubbleImageFactory.h */ = {isa = PBXFileReference; fileEncoding = 4; lastKnownFileType = sourcecode.c.h; path = JSQMessagesBubbleImageFactory.h; sourceTree = "<group>"; };
		30BA899F1D1480000092F8AF /* JSQMessagesBubbleImageFactory.m */ = {isa = PBXFileReference; fileEncoding = 4; lastKnownFileType = sourcecode.c.objc; path = JSQMessagesBubbleImageFactory.m; sourceTree = "<group>"; };
		30BA89A01D1480000092F8AF /* JSQMessagesMediaViewBubbleImageMasker.h */ = {isa = PBXFileReference; fileEncoding = 4; lastKnownFileType = sourcecode.c.h; path = JSQMessagesMediaViewBubbleImageMasker.h; sourceTree = "<group>"; };
		30BA89A11D1480000092F8AF /* JSQMessagesMediaViewBubbleImageMasker.m */ = {isa = PBXFileReference; fileEncoding = 4; lastKnownFileType = sourcecode.c.objc; path = JSQMessagesMediaViewBubbleImageMasker.m; sourceTree = "<group>"; };
		30BA89A21D1480000092F8AF /* JSQMessagesTimestampFormatter.h */ = {isa = PBXFileReference; fileEncoding = 4; lastKnownFileType = sourcecode.c.h; path = JSQMessagesTimestampFormatter.h; sourceTree = "<group>"; };
		30BA89A31D1480000092F8AF /* JSQMessagesTimestampFormatter.m */ = {isa = PBXFileReference; fileEncoding = 4; lastKnownFileType = sourcecode.c.objc; path = JSQMessagesTimestampFormatter.m; sourceTree = "<group>"; };
		30BA89A41D1480000092F8AF /* JSQMessagesToolbarButtonFactory.h */ = {isa = PBXFileReference; fileEncoding = 4; lastKnownFileType = sourcecode.c.h; path = JSQMessagesToolbarButtonFactory.h; sourceTree = "<group>"; };
		30BA89A51D1480000092F8AF /* JSQMessagesToolbarButtonFactory.m */ = {isa = PBXFileReference; fileEncoding = 4; lastKnownFileType = sourcecode.c.objc; path = JSQMessagesToolbarButtonFactory.m; sourceTree = "<group>"; };
		30BA89A61D1480000092F8AF /* JSQMessages.h */ = {isa = PBXFileReference; fileEncoding = 4; lastKnownFileType = sourcecode.c.h; path = JSQMessages.h; sourceTree = "<group>"; };
		30BA89A81D1480000092F8AF /* JSQAudioMediaViewAttributes.h */ = {isa = PBXFileReference; fileEncoding = 4; lastKnownFileType = sourcecode.c.h; path = JSQAudioMediaViewAttributes.h; sourceTree = "<group>"; };
		30BA89A91D1480000092F8AF /* JSQAudioMediaViewAttributes.m */ = {isa = PBXFileReference; fileEncoding = 4; lastKnownFileType = sourcecode.c.objc; path = JSQAudioMediaViewAttributes.m; sourceTree = "<group>"; };
		30BA89AA1D1480000092F8AF /* JSQMessagesBubbleSizeCalculating.h */ = {isa = PBXFileReference; fileEncoding = 4; lastKnownFileType = sourcecode.c.h; path = JSQMessagesBubbleSizeCalculating.h; sourceTree = "<group>"; };
		30BA89AB1D1480000092F8AF /* JSQMessagesBubblesSizeCalculator.h */ = {isa = PBXFileReference; fileEncoding = 4; lastKnownFileType = sourcecode.c.h; path = JSQMessagesBubblesSizeCalculator.h; sourceTree = "<group>"; };
		30BA89AC1D1480000092F8AF /* JSQMessagesBubblesSizeCalculator.m */ = {isa = PBXFileReference; fileEncoding = 4; lastKnownFileType = sourcecode.c.objc; path = JSQMessagesBubblesSizeCalculator.m; sourceTree = "<group>"; };
		30BA89AD1D1480000092F8AF /* JSQMessagesCollectionViewFlowLayout.h */ = {isa = PBXFileReference; fileEncoding = 4; lastKnownFileType = sourcecode.c.h; path = JSQMessagesCollectionViewFlowLayout.h; sourceTree = "<group>"; };
		30BA89AE1D1480000092F8AF /* JSQMessagesCollectionViewFlowLayout.m */ = {isa = PBXFileReference; fileEncoding = 4; lastKnownFileType = sourcecode.c.objc; path = JSQMessagesCollectionViewFlowLayout.m; sourceTree = "<group>"; };
		30BA89AF1D1480000092F8AF /* JSQMessagesCollectionViewFlowLayoutInvalidationContext.h */ = {isa = PBXFileReference; fileEncoding = 4; lastKnownFileType = sourcecode.c.h; path = JSQMessagesCollectionViewFlowLayoutInvalidationContext.h; sourceTree = "<group>"; };
		30BA89B01D1480000092F8AF /* JSQMessagesCollectionViewFlowLayoutInvalidationContext.m */ = {isa = PBXFileReference; fileEncoding = 4; lastKnownFileType = sourcecode.c.objc; path = JSQMessagesCollectionViewFlowLayoutInvalidationContext.m; sourceTree = "<group>"; };
		30BA89B11D1480000092F8AF /* JSQMessagesCollectionViewLayoutAttributes.h */ = {isa = PBXFileReference; fileEncoding = 4; lastKnownFileType = sourcecode.c.h; path = JSQMessagesCollectionViewLayoutAttributes.h; sourceTree = "<group>"; };
		30BA89B21D1480000092F8AF /* JSQMessagesCollectionViewLayoutAttributes.m */ = {isa = PBXFileReference; fileEncoding = 4; lastKnownFileType = sourcecode.c.objc; path = JSQMessagesCollectionViewLayoutAttributes.m; sourceTree = "<group>"; };
		30BA89B41D1480000092F8AF /* JSQAudioMediaItem.h */ = {isa = PBXFileReference; fileEncoding = 4; lastKnownFileType = sourcecode.c.h; path = JSQAudioMediaItem.h; sourceTree = "<group>"; };
		30BA89B51D1480000092F8AF /* JSQAudioMediaItem.m */ = {isa = PBXFileReference; fileEncoding = 4; lastKnownFileType = sourcecode.c.objc; path = JSQAudioMediaItem.m; sourceTree = "<group>"; };
		30BA89B61D1480000092F8AF /* JSQLocationMediaItem.h */ = {isa = PBXFileReference; fileEncoding = 4; lastKnownFileType = sourcecode.c.h; path = JSQLocationMediaItem.h; sourceTree = "<group>"; };
		30BA89B71D1480000092F8AF /* JSQLocationMediaItem.m */ = {isa = PBXFileReference; fileEncoding = 4; lastKnownFileType = sourcecode.c.objc; path = JSQLocationMediaItem.m; sourceTree = "<group>"; };
		30BA89B81D1480000092F8AF /* JSQMediaItem.h */ = {isa = PBXFileReference; fileEncoding = 4; lastKnownFileType = sourcecode.c.h; path = JSQMediaItem.h; sourceTree = "<group>"; };
		30BA89B91D1480000092F8AF /* JSQMediaItem.m */ = {isa = PBXFileReference; fileEncoding = 4; lastKnownFileType = sourcecode.c.objc; path = JSQMediaItem.m; sourceTree = "<group>"; };
		30BA89BA1D1480000092F8AF /* JSQMessage.h */ = {isa = PBXFileReference; fileEncoding = 4; lastKnownFileType = sourcecode.c.h; path = JSQMessage.h; sourceTree = "<group>"; };
		30BA89BB1D1480000092F8AF /* JSQMessage.m */ = {isa = PBXFileReference; fileEncoding = 4; lastKnownFileType = sourcecode.c.objc; path = JSQMessage.m; sourceTree = "<group>"; };
		30BA89BC1D1480000092F8AF /* JSQMessageAvatarImageDataSource.h */ = {isa = PBXFileReference; fileEncoding = 4; lastKnownFileType = sourcecode.c.h; path = JSQMessageAvatarImageDataSource.h; sourceTree = "<group>"; };
		30BA89BD1D1480000092F8AF /* JSQMessageBubbleImageDataSource.h */ = {isa = PBXFileReference; fileEncoding = 4; lastKnownFileType = sourcecode.c.h; path = JSQMessageBubbleImageDataSource.h; sourceTree = "<group>"; };
		30BA89BE1D1480000092F8AF /* JSQMessageData.h */ = {isa = PBXFileReference; fileEncoding = 4; lastKnownFileType = sourcecode.c.h; path = JSQMessageData.h; sourceTree = "<group>"; };
		30BA89BF1D1480000092F8AF /* JSQMessageMediaData.h */ = {isa = PBXFileReference; fileEncoding = 4; lastKnownFileType = sourcecode.c.h; path = JSQMessageMediaData.h; sourceTree = "<group>"; };
		30BA89C01D1480000092F8AF /* JSQMessagesAvatarImage.h */ = {isa = PBXFileReference; fileEncoding = 4; lastKnownFileType = sourcecode.c.h; path = JSQMessagesAvatarImage.h; sourceTree = "<group>"; };
		30BA89C11D1480000092F8AF /* JSQMessagesAvatarImage.m */ = {isa = PBXFileReference; fileEncoding = 4; lastKnownFileType = sourcecode.c.objc; path = JSQMessagesAvatarImage.m; sourceTree = "<group>"; };
		30BA89C21D1480000092F8AF /* JSQMessagesBubbleImage.h */ = {isa = PBXFileReference; fileEncoding = 4; lastKnownFileType = sourcecode.c.h; path = JSQMessagesBubbleImage.h; sourceTree = "<group>"; };
		30BA89C31D1480000092F8AF /* JSQMessagesBubbleImage.m */ = {isa = PBXFileReference; fileEncoding = 4; lastKnownFileType = sourcecode.c.objc; path = JSQMessagesBubbleImage.m; sourceTree = "<group>"; };
		30BA89C41D1480000092F8AF /* JSQMessagesCollectionViewDataSource.h */ = {isa = PBXFileReference; fileEncoding = 4; lastKnownFileType = sourcecode.c.h; path = JSQMessagesCollectionViewDataSource.h; sourceTree = "<group>"; };
		30BA89C51D1480000092F8AF /* JSQMessagesCollectionViewDelegateFlowLayout.h */ = {isa = PBXFileReference; fileEncoding = 4; lastKnownFileType = sourcecode.c.h; path = JSQMessagesCollectionViewDelegateFlowLayout.h; sourceTree = "<group>"; };
		30BA89C61D1480000092F8AF /* JSQPhotoMediaItem.h */ = {isa = PBXFileReference; fileEncoding = 4; lastKnownFileType = sourcecode.c.h; path = JSQPhotoMediaItem.h; sourceTree = "<group>"; };
		30BA89C71D1480000092F8AF /* JSQPhotoMediaItem.m */ = {isa = PBXFileReference; fileEncoding = 4; lastKnownFileType = sourcecode.c.objc; path = JSQPhotoMediaItem.m; sourceTree = "<group>"; };
		30BA89C81D1480000092F8AF /* JSQVideoMediaItem.h */ = {isa = PBXFileReference; fileEncoding = 4; lastKnownFileType = sourcecode.c.h; path = JSQVideoMediaItem.h; sourceTree = "<group>"; };
		30BA89C91D1480000092F8AF /* JSQVideoMediaItem.m */ = {isa = PBXFileReference; fileEncoding = 4; lastKnownFileType = sourcecode.c.objc; path = JSQVideoMediaItem.m; sourceTree = "<group>"; };
		30BA89CB1D1480000092F8AF /* JSQMessagesCellTextView.h */ = {isa = PBXFileReference; fileEncoding = 4; lastKnownFileType = sourcecode.c.h; path = JSQMessagesCellTextView.h; sourceTree = "<group>"; };
		30BA89CC1D1480000092F8AF /* JSQMessagesCellTextView.m */ = {isa = PBXFileReference; fileEncoding = 4; lastKnownFileType = sourcecode.c.objc; path = JSQMessagesCellTextView.m; sourceTree = "<group>"; };
		30BA89CD1D1480000092F8AF /* JSQMessagesCollectionView.h */ = {isa = PBXFileReference; fileEncoding = 4; lastKnownFileType = sourcecode.c.h; path = JSQMessagesCollectionView.h; sourceTree = "<group>"; };
		30BA89CE1D1480000092F8AF /* JSQMessagesCollectionView.m */ = {isa = PBXFileReference; fileEncoding = 4; lastKnownFileType = sourcecode.c.objc; path = JSQMessagesCollectionView.m; sourceTree = "<group>"; };
		30BA89CF1D1480000092F8AF /* JSQMessagesCollectionViewCell.h */ = {isa = PBXFileReference; fileEncoding = 4; lastKnownFileType = sourcecode.c.h; path = JSQMessagesCollectionViewCell.h; sourceTree = "<group>"; };
		30BA89D01D1480000092F8AF /* JSQMessagesCollectionViewCell.m */ = {isa = PBXFileReference; fileEncoding = 4; lastKnownFileType = sourcecode.c.objc; path = JSQMessagesCollectionViewCell.m; sourceTree = "<group>"; };
		30BA89D11D1480000092F8AF /* JSQMessagesCollectionViewCellIncoming.h */ = {isa = PBXFileReference; fileEncoding = 4; lastKnownFileType = sourcecode.c.h; path = JSQMessagesCollectionViewCellIncoming.h; sourceTree = "<group>"; };
		30BA89D21D1480000092F8AF /* JSQMessagesCollectionViewCellIncoming.m */ = {isa = PBXFileReference; fileEncoding = 4; lastKnownFileType = sourcecode.c.objc; path = JSQMessagesCollectionViewCellIncoming.m; sourceTree = "<group>"; };
		30BA89D31D1480000092F8AF /* JSQMessagesCollectionViewCellIncoming.xib */ = {isa = PBXFileReference; fileEncoding = 4; lastKnownFileType = file.xib; path = JSQMessagesCollectionViewCellIncoming.xib; sourceTree = "<group>"; };
		30BA89D41D1480000092F8AF /* JSQMessagesCollectionViewCellOutgoing.h */ = {isa = PBXFileReference; fileEncoding = 4; lastKnownFileType = sourcecode.c.h; path = JSQMessagesCollectionViewCellOutgoing.h; sourceTree = "<group>"; };
		30BA89D51D1480000092F8AF /* JSQMessagesCollectionViewCellOutgoing.m */ = {isa = PBXFileReference; fileEncoding = 4; lastKnownFileType = sourcecode.c.objc; path = JSQMessagesCollectionViewCellOutgoing.m; sourceTree = "<group>"; };
		30BA89D61D1480000092F8AF /* JSQMessagesCollectionViewCellOutgoing.xib */ = {isa = PBXFileReference; fileEncoding = 4; lastKnownFileType = file.xib; path = JSQMessagesCollectionViewCellOutgoing.xib; sourceTree = "<group>"; };
		30BA89D71D1480000092F8AF /* JSQMessagesComposerTextView.h */ = {isa = PBXFileReference; fileEncoding = 4; lastKnownFileType = sourcecode.c.h; path = JSQMessagesComposerTextView.h; sourceTree = "<group>"; };
		30BA89D81D1480000092F8AF /* JSQMessagesComposerTextView.m */ = {isa = PBXFileReference; fileEncoding = 4; lastKnownFileType = sourcecode.c.objc; path = JSQMessagesComposerTextView.m; sourceTree = "<group>"; };
		30BA89D91D1480000092F8AF /* JSQMessagesInputToolbar.h */ = {isa = PBXFileReference; fileEncoding = 4; lastKnownFileType = sourcecode.c.h; path = JSQMessagesInputToolbar.h; sourceTree = "<group>"; };
		30BA89DA1D1480000092F8AF /* JSQMessagesInputToolbar.m */ = {isa = PBXFileReference; fileEncoding = 4; lastKnownFileType = sourcecode.c.objc; path = JSQMessagesInputToolbar.m; sourceTree = "<group>"; };
		30BA89DB1D1480000092F8AF /* JSQMessagesLabel.h */ = {isa = PBXFileReference; fileEncoding = 4; lastKnownFileType = sourcecode.c.h; path = JSQMessagesLabel.h; sourceTree = "<group>"; };
		30BA89DC1D1480000092F8AF /* JSQMessagesLabel.m */ = {isa = PBXFileReference; fileEncoding = 4; lastKnownFileType = sourcecode.c.objc; path = JSQMessagesLabel.m; sourceTree = "<group>"; };
		30BA89DD1D1480000092F8AF /* JSQMessagesLoadEarlierHeaderView.h */ = {isa = PBXFileReference; fileEncoding = 4; lastKnownFileType = sourcecode.c.h; path = JSQMessagesLoadEarlierHeaderView.h; sourceTree = "<group>"; };
		30BA89DE1D1480000092F8AF /* JSQMessagesLoadEarlierHeaderView.m */ = {isa = PBXFileReference; fileEncoding = 4; lastKnownFileType = sourcecode.c.objc; path = JSQMessagesLoadEarlierHeaderView.m; sourceTree = "<group>"; };
		30BA89DF1D1480000092F8AF /* JSQMessagesLoadEarlierHeaderView.xib */ = {isa = PBXFileReference; fileEncoding = 4; lastKnownFileType = file.xib; path = JSQMessagesLoadEarlierHeaderView.xib; sourceTree = "<group>"; };
		30BA89E01D1480000092F8AF /* JSQMessagesMediaPlaceholderView.h */ = {isa = PBXFileReference; fileEncoding = 4; lastKnownFileType = sourcecode.c.h; path = JSQMessagesMediaPlaceholderView.h; sourceTree = "<group>"; };
		30BA89E11D1480000092F8AF /* JSQMessagesMediaPlaceholderView.m */ = {isa = PBXFileReference; fileEncoding = 4; lastKnownFileType = sourcecode.c.objc; path = JSQMessagesMediaPlaceholderView.m; sourceTree = "<group>"; };
		30BA89E21D1480000092F8AF /* JSQMessagesToolbarContentView.h */ = {isa = PBXFileReference; fileEncoding = 4; lastKnownFileType = sourcecode.c.h; path = JSQMessagesToolbarContentView.h; sourceTree = "<group>"; };
		30BA89E31D1480000092F8AF /* JSQMessagesToolbarContentView.m */ = {isa = PBXFileReference; fileEncoding = 4; lastKnownFileType = sourcecode.c.objc; path = JSQMessagesToolbarContentView.m; sourceTree = "<group>"; };
		30BA89E41D1480000092F8AF /* JSQMessagesToolbarContentView.xib */ = {isa = PBXFileReference; fileEncoding = 4; lastKnownFileType = file.xib; path = JSQMessagesToolbarContentView.xib; sourceTree = "<group>"; };
		30BA89E51D1480000092F8AF /* JSQMessagesTypingIndicatorFooterView.h */ = {isa = PBXFileReference; fileEncoding = 4; lastKnownFileType = sourcecode.c.h; path = JSQMessagesTypingIndicatorFooterView.h; sourceTree = "<group>"; };
		30BA89E61D1480000092F8AF /* JSQMessagesTypingIndicatorFooterView.m */ = {isa = PBXFileReference; fileEncoding = 4; lastKnownFileType = sourcecode.c.objc; path = JSQMessagesTypingIndicatorFooterView.m; sourceTree = "<group>"; };
		30BA89E71D1480000092F8AF /* JSQMessagesTypingIndicatorFooterView.xib */ = {isa = PBXFileReference; fileEncoding = 4; lastKnownFileType = file.xib; path = JSQMessagesTypingIndicatorFooterView.xib; sourceTree = "<group>"; };
		30BA89E81D1480000092F8AF /* JSQMessagesTypingView.h */ = {isa = PBXFileReference; fileEncoding = 4; lastKnownFileType = sourcecode.c.h; path = JSQMessagesTypingView.h; sourceTree = "<group>"; };
		30BA89E91D1480000092F8AF /* JSQMessagesTypingView.m */ = {isa = PBXFileReference; fileEncoding = 4; lastKnownFileType = sourcecode.c.objc; path = JSQMessagesTypingView.m; sourceTree = "<group>"; };
		30BA8A161D1480260092F8AF /* JSQSystemSoundPlayer.h */ = {isa = PBXFileReference; fileEncoding = 4; lastKnownFileType = sourcecode.c.h; path = JSQSystemSoundPlayer.h; sourceTree = "<group>"; };
		30BA8A171D1480260092F8AF /* JSQSystemSoundPlayer.m */ = {isa = PBXFileReference; fileEncoding = 4; lastKnownFileType = sourcecode.c.objc; path = JSQSystemSoundPlayer.m; sourceTree = "<group>"; };
		30BA8A1B1D1482E80092F8AF /* Accounts.framework */ = {isa = PBXFileReference; lastKnownFileType = wrapper.framework; name = Accounts.framework; path = System/Library/Frameworks/Accounts.framework; sourceTree = SDKROOT; };
		30BA8A1D1D1482F30092F8AF /* Social.framework */ = {isa = PBXFileReference; lastKnownFileType = wrapper.framework; name = Social.framework; path = System/Library/Frameworks/Social.framework; sourceTree = SDKROOT; };
		43A60CE5D00F726C546D2E90 /* Pods-UniversalChat.release.xcconfig */ = {isa = PBXFileReference; includeInIndex = 1; lastKnownFileType = text.xcconfig; name = "Pods-UniversalChat.release.xcconfig"; path = "Pods/Target Support Files/Pods-UniversalChat/Pods-UniversalChat.release.xcconfig"; sourceTree = "<group>"; };
		7797032086CAD58629F9647C /* Pods-UniversalChat.debug.xcconfig */ = {isa = PBXFileReference; includeInIndex = 1; lastKnownFileType = text.xcconfig; name = "Pods-UniversalChat.debug.xcconfig"; path = "Pods/Target Support Files/Pods-UniversalChat/Pods-UniversalChat.debug.xcconfig"; sourceTree = "<group>"; };
		DC51C5DD4BC9223911F080E4 /* Pods_UniversalChat.framework */ = {isa = PBXFileReference; explicitFileType = wrapper.framework; includeInIndex = 0; path = Pods_UniversalChat.framework; sourceTree = BUILT_PRODUCTS_DIR; };
/* End PBXFileReference section */

/* Begin PBXFrameworksBuildPhase section */
		3083B6221D131222006CE632 /* Frameworks */ = {
			isa = PBXFrameworksBuildPhase;
			buildActionMask = 2147483647;
			files = (
				30BA8A1E1D1482F30092F8AF /* Social.framework in Frameworks */,
				30BA8A1C1D1482E80092F8AF /* Accounts.framework in Frameworks */,
				DAEB2A088E83E4D29A3C566B /* Pods_UniversalChat.framework in Frameworks */,
			);
			runOnlyForDeploymentPostprocessing = 0;
		};
/* End PBXFrameworksBuildPhase section */

/* Begin PBXGroup section */
		3083B61C1D131222006CE632 = {
			isa = PBXGroup;
			children = (
				3083B6271D131222006CE632 /* UniversalChat */,
				3083B6261D131222006CE632 /* Products */,
				4582FFE1479EAB9A530DD31B /* Pods */,
				3A3FD409B9A65D1378A5669C /* Frameworks */,
			);
			sourceTree = "<group>";
		};
		3083B6261D131222006CE632 /* Products */ = {
			isa = PBXGroup;
			children = (
				3083B6251D131222006CE632 /* UniversalChat.app */,
			);
			name = Products;
			sourceTree = "<group>";
		};
		3083B6271D131222006CE632 /* UniversalChat */ = {
			isa = PBXGroup;
			children = (
				30BA89881D147FB50092F8AF /* Helper */,
				3083B6281D131222006CE632 /* AppDelegate.swift */,
				30BA89821D146D370092F8AF /* LoginSignUpViewController.swift */,
				309B9D841D1A02E20038E1E8 /* OverviewTableViewController.swift */,
				309B9D861D1B288E0038E1E8 /* ChooseTableViewController.swift */,
				304498871D19DDC7008AD163 /* MeasurementHelper.swift */,
				304498891D19DDD4008AD163 /* AppState.swift */,
				3044988A1D19DDD4008AD163 /* Constants.swift */,
				3083B62C1D131222006CE632 /* Main.storyboard */,
				3083B62F1D131222006CE632 /* Assets.xcassets */,
				3083B6311D131222006CE632 /* LaunchScreen.storyboard */,
				3083B6341D131222006CE632 /* Info.plist */,
				3083B63A1D131538006CE632 /* GoogleService-Info.plist */,
				30BA89841D147CA20092F8AF /* UniversalChat-Bridging-Header.h */,
			);
			path = UniversalChat;
			sourceTree = "<group>";
		};
		30BA89881D147FB50092F8AF /* Helper */ = {
			isa = PBXGroup;
			children = (
				30BA8A161D1480260092F8AF /* JSQSystemSoundPlayer.h */,
				30BA8A171D1480260092F8AF /* JSQSystemSoundPlayer.m */,
				30BA89891D1480000092F8AF /* JSQMessagesViewController */,
			);
			name = Helper;
			sourceTree = "<group>";
		};
		30BA89891D1480000092F8AF /* JSQMessagesViewController */ = {
			isa = PBXGroup;
			children = (
				30BA898A1D1480000092F8AF /* Assets */,
				30BA898C1D1480000092F8AF /* Categories */,
				30BA89971D1480000092F8AF /* Controllers */,
				30BA899B1D1480000092F8AF /* Factories */,
				30BA89A61D1480000092F8AF /* JSQMessages.h */,
				30BA89A71D1480000092F8AF /* Layout */,
				30BA89B31D1480000092F8AF /* Model */,
				30BA89CA1D1480000092F8AF /* Views */,
			);
			path = JSQMessagesViewController;
			sourceTree = "<group>";
		};
		30BA898A1D1480000092F8AF /* Assets */ = {
			isa = PBXGroup;
			children = (
				30BA898B1D1480000092F8AF /* JSQMessagesAssets.bundle */,
			);
			path = Assets;
			sourceTree = "<group>";
		};
		30BA898C1D1480000092F8AF /* Categories */ = {
			isa = PBXGroup;
			children = (
				30BA898D1D1480000092F8AF /* NSBundle+JSQMessages.h */,
				30BA898E1D1480000092F8AF /* NSBundle+JSQMessages.m */,
				30BA898F1D1480000092F8AF /* NSString+JSQMessages.h */,
				30BA89901D1480000092F8AF /* NSString+JSQMessages.m */,
				30BA89911D1480000092F8AF /* UIColor+JSQMessages.h */,
				30BA89921D1480000092F8AF /* UIColor+JSQMessages.m */,
				30BA89931D1480000092F8AF /* UIImage+JSQMessages.h */,
				30BA89941D1480000092F8AF /* UIImage+JSQMessages.m */,
				30BA89951D1480000092F8AF /* UIView+JSQMessages.h */,
				30BA89961D1480000092F8AF /* UIView+JSQMessages.m */,
			);
			path = Categories;
			sourceTree = "<group>";
		};
		30BA89971D1480000092F8AF /* Controllers */ = {
			isa = PBXGroup;
			children = (
				30BA89981D1480000092F8AF /* JSQMessagesViewController.h */,
				30BA89991D1480000092F8AF /* JSQMessagesViewController.m */,
				30BA899A1D1480000092F8AF /* JSQMessagesViewController.xib */,
			);
			path = Controllers;
			sourceTree = "<group>";
		};
		30BA899B1D1480000092F8AF /* Factories */ = {
			isa = PBXGroup;
			children = (
				30BA899C1D1480000092F8AF /* JSQMessagesAvatarImageFactory.h */,
				30BA899D1D1480000092F8AF /* JSQMessagesAvatarImageFactory.m */,
				30BA899E1D1480000092F8AF /* JSQMessagesBubbleImageFactory.h */,
				30BA899F1D1480000092F8AF /* JSQMessagesBubbleImageFactory.m */,
				30BA89A01D1480000092F8AF /* JSQMessagesMediaViewBubbleImageMasker.h */,
				30BA89A11D1480000092F8AF /* JSQMessagesMediaViewBubbleImageMasker.m */,
				30BA89A21D1480000092F8AF /* JSQMessagesTimestampFormatter.h */,
				30BA89A31D1480000092F8AF /* JSQMessagesTimestampFormatter.m */,
				30BA89A41D1480000092F8AF /* JSQMessagesToolbarButtonFactory.h */,
				30BA89A51D1480000092F8AF /* JSQMessagesToolbarButtonFactory.m */,
			);
			path = Factories;
			sourceTree = "<group>";
		};
		30BA89A71D1480000092F8AF /* Layout */ = {
			isa = PBXGroup;
			children = (
				30BA89A81D1480000092F8AF /* JSQAudioMediaViewAttributes.h */,
				30BA89A91D1480000092F8AF /* JSQAudioMediaViewAttributes.m */,
				30BA89AA1D1480000092F8AF /* JSQMessagesBubbleSizeCalculating.h */,
				30BA89AB1D1480000092F8AF /* JSQMessagesBubblesSizeCalculator.h */,
				30BA89AC1D1480000092F8AF /* JSQMessagesBubblesSizeCalculator.m */,
				30BA89AD1D1480000092F8AF /* JSQMessagesCollectionViewFlowLayout.h */,
				30BA89AE1D1480000092F8AF /* JSQMessagesCollectionViewFlowLayout.m */,
				30BA89AF1D1480000092F8AF /* JSQMessagesCollectionViewFlowLayoutInvalidationContext.h */,
				30BA89B01D1480000092F8AF /* JSQMessagesCollectionViewFlowLayoutInvalidationContext.m */,
				30BA89B11D1480000092F8AF /* JSQMessagesCollectionViewLayoutAttributes.h */,
				30BA89B21D1480000092F8AF /* JSQMessagesCollectionViewLayoutAttributes.m */,
			);
			path = Layout;
			sourceTree = "<group>";
		};
		30BA89B31D1480000092F8AF /* Model */ = {
			isa = PBXGroup;
			children = (
				30BA89B41D1480000092F8AF /* JSQAudioMediaItem.h */,
				30BA89B51D1480000092F8AF /* JSQAudioMediaItem.m */,
				30BA89B61D1480000092F8AF /* JSQLocationMediaItem.h */,
				30BA89B71D1480000092F8AF /* JSQLocationMediaItem.m */,
				30BA89B81D1480000092F8AF /* JSQMediaItem.h */,
				30BA89B91D1480000092F8AF /* JSQMediaItem.m */,
				30BA89BA1D1480000092F8AF /* JSQMessage.h */,
				30BA89BB1D1480000092F8AF /* JSQMessage.m */,
				30BA89BC1D1480000092F8AF /* JSQMessageAvatarImageDataSource.h */,
				30BA89BD1D1480000092F8AF /* JSQMessageBubbleImageDataSource.h */,
				30BA89BE1D1480000092F8AF /* JSQMessageData.h */,
				30BA89BF1D1480000092F8AF /* JSQMessageMediaData.h */,
				30BA89C01D1480000092F8AF /* JSQMessagesAvatarImage.h */,
				30BA89C11D1480000092F8AF /* JSQMessagesAvatarImage.m */,
				30BA89C21D1480000092F8AF /* JSQMessagesBubbleImage.h */,
				30BA89C31D1480000092F8AF /* JSQMessagesBubbleImage.m */,
				30BA89C41D1480000092F8AF /* JSQMessagesCollectionViewDataSource.h */,
				30BA89C51D1480000092F8AF /* JSQMessagesCollectionViewDelegateFlowLayout.h */,
				30BA89C61D1480000092F8AF /* JSQPhotoMediaItem.h */,
				30BA89C71D1480000092F8AF /* JSQPhotoMediaItem.m */,
				30BA89C81D1480000092F8AF /* JSQVideoMediaItem.h */,
				30BA89C91D1480000092F8AF /* JSQVideoMediaItem.m */,
			);
			path = Model;
			sourceTree = "<group>";
		};
		30BA89CA1D1480000092F8AF /* Views */ = {
			isa = PBXGroup;
			children = (
				30BA89CB1D1480000092F8AF /* JSQMessagesCellTextView.h */,
				30BA89CC1D1480000092F8AF /* JSQMessagesCellTextView.m */,
				30BA89CD1D1480000092F8AF /* JSQMessagesCollectionView.h */,
				30BA89CE1D1480000092F8AF /* JSQMessagesCollectionView.m */,
				30BA89CF1D1480000092F8AF /* JSQMessagesCollectionViewCell.h */,
				30BA89D01D1480000092F8AF /* JSQMessagesCollectionViewCell.m */,
				30BA89D11D1480000092F8AF /* JSQMessagesCollectionViewCellIncoming.h */,
				30BA89D21D1480000092F8AF /* JSQMessagesCollectionViewCellIncoming.m */,
				30BA89D31D1480000092F8AF /* JSQMessagesCollectionViewCellIncoming.xib */,
				30BA89D41D1480000092F8AF /* JSQMessagesCollectionViewCellOutgoing.h */,
				30BA89D51D1480000092F8AF /* JSQMessagesCollectionViewCellOutgoing.m */,
				30BA89D61D1480000092F8AF /* JSQMessagesCollectionViewCellOutgoing.xib */,
				30BA89D71D1480000092F8AF /* JSQMessagesComposerTextView.h */,
				30BA89D81D1480000092F8AF /* JSQMessagesComposerTextView.m */,
				30BA89D91D1480000092F8AF /* JSQMessagesInputToolbar.h */,
				30BA89DA1D1480000092F8AF /* JSQMessagesInputToolbar.m */,
				30BA89DB1D1480000092F8AF /* JSQMessagesLabel.h */,
				30BA89DC1D1480000092F8AF /* JSQMessagesLabel.m */,
				30BA89DD1D1480000092F8AF /* JSQMessagesLoadEarlierHeaderView.h */,
				30BA89DE1D1480000092F8AF /* JSQMessagesLoadEarlierHeaderView.m */,
				30BA89DF1D1480000092F8AF /* JSQMessagesLoadEarlierHeaderView.xib */,
				30BA89E01D1480000092F8AF /* JSQMessagesMediaPlaceholderView.h */,
				30BA89E11D1480000092F8AF /* JSQMessagesMediaPlaceholderView.m */,
				30BA89E21D1480000092F8AF /* JSQMessagesToolbarContentView.h */,
				30BA89E31D1480000092F8AF /* JSQMessagesToolbarContentView.m */,
				30BA89E41D1480000092F8AF /* JSQMessagesToolbarContentView.xib */,
				30BA89E51D1480000092F8AF /* JSQMessagesTypingIndicatorFooterView.h */,
				30BA89E61D1480000092F8AF /* JSQMessagesTypingIndicatorFooterView.m */,
				30BA89E71D1480000092F8AF /* JSQMessagesTypingIndicatorFooterView.xib */,
				30BA89E81D1480000092F8AF /* JSQMessagesTypingView.h */,
				30BA89E91D1480000092F8AF /* JSQMessagesTypingView.m */,
			);
			path = Views;
			sourceTree = "<group>";
		};
		3A3FD409B9A65D1378A5669C /* Frameworks */ = {
			isa = PBXGroup;
			children = (
				30BA8A1D1D1482F30092F8AF /* Social.framework */,
				30BA8A1B1D1482E80092F8AF /* Accounts.framework */,
				DC51C5DD4BC9223911F080E4 /* Pods_UniversalChat.framework */,
			);
			name = Frameworks;
			sourceTree = "<group>";
		};
		4582FFE1479EAB9A530DD31B /* Pods */ = {
			isa = PBXGroup;
			children = (
				7797032086CAD58629F9647C /* Pods-UniversalChat.debug.xcconfig */,
				43A60CE5D00F726C546D2E90 /* Pods-UniversalChat.release.xcconfig */,
			);
			name = Pods;
			sourceTree = "<group>";
		};
/* End PBXGroup section */

/* Begin PBXNativeTarget section */
		3083B6241D131222006CE632 /* UniversalChat */ = {
			isa = PBXNativeTarget;
			buildConfigurationList = 3083B6371D131222006CE632 /* Build configuration list for PBXNativeTarget "UniversalChat" */;
			buildPhases = (
				0240D4D9896EBA1C33EE9DF3 /* Check Pods Manifest.lock */,
				3083B6211D131222006CE632 /* Sources */,
				3083B6221D131222006CE632 /* Frameworks */,
				3083B6231D131222006CE632 /* Resources */,
				CB72DEFB231C5FD7940C499A /* Embed Pods Frameworks */,
				0EADF253BE97293AB5518BEB /* Copy Pods Resources */,
				309B9D8A1D1B7DC10038E1E8 /* ShellScript */,
			);
			buildRules = (
			);
			dependencies = (
			);
			name = UniversalChat;
			productName = UniversalChat;
			productReference = 3083B6251D131222006CE632 /* UniversalChat.app */;
			productType = "com.apple.product-type.application";
		};
/* End PBXNativeTarget section */

/* Begin PBXProject section */
		3083B61D1D131222006CE632 /* Project object */ = {
			isa = PBXProject;
			attributes = {
				LastSwiftUpdateCheck = 0730;
				LastUpgradeCheck = 0730;
				ORGANIZATIONNAME = "Pademobile International LLC.";
				TargetAttributes = {
					3083B6241D131222006CE632 = {
						CreatedOnToolsVersion = 7.3.1;
					};
				};
			};
			buildConfigurationList = 3083B6201D131222006CE632 /* Build configuration list for PBXProject "UniversalChat" */;
			compatibilityVersion = "Xcode 3.2";
			developmentRegion = English;
			hasScannedForEncodings = 0;
			knownRegions = (
				en,
				Base,
			);
			mainGroup = 3083B61C1D131222006CE632;
			productRefGroup = 3083B6261D131222006CE632 /* Products */;
			projectDirPath = "";
			projectRoot = "";
			targets = (
				3083B6241D131222006CE632 /* UniversalChat */,
			);
		};
/* End PBXProject section */

/* Begin PBXResourcesBuildPhase section */
		3083B6231D131222006CE632 /* Resources */ = {
			isa = PBXResourcesBuildPhase;
			buildActionMask = 2147483647;
			files = (
				3083B6331D131222006CE632 /* LaunchScreen.storyboard in Resources */,
				30BA8A081D1480000092F8AF /* JSQMessagesCollectionViewCellIncoming.xib in Resources */,
				30BA89EA1D1480000092F8AF /* JSQMessagesAssets.bundle in Resources */,
				30BA8A0A1D1480000092F8AF /* JSQMessagesCollectionViewCellOutgoing.xib in Resources */,
				3083B63B1D131538006CE632 /* GoogleService-Info.plist in Resources */,
				3083B6301D131222006CE632 /* Assets.xcassets in Resources */,
				30BA8A141D1480000092F8AF /* JSQMessagesTypingIndicatorFooterView.xib in Resources */,
				3083B62E1D131222006CE632 /* Main.storyboard in Resources */,
				30BA8A121D1480000092F8AF /* JSQMessagesToolbarContentView.xib in Resources */,
				30BA89F11D1480000092F8AF /* JSQMessagesViewController.xib in Resources */,
				30BA8A0F1D1480000092F8AF /* JSQMessagesLoadEarlierHeaderView.xib in Resources */,
			);
			runOnlyForDeploymentPostprocessing = 0;
		};
/* End PBXResourcesBuildPhase section */

/* Begin PBXShellScriptBuildPhase section */
		0240D4D9896EBA1C33EE9DF3 /* Check Pods Manifest.lock */ = {
			isa = PBXShellScriptBuildPhase;
			buildActionMask = 2147483647;
			files = (
			);
			inputPaths = (
			);
			name = "Check Pods Manifest.lock";
			outputPaths = (
			);
			runOnlyForDeploymentPostprocessing = 0;
			shellPath = /bin/sh;
			shellScript = "diff \"${PODS_ROOT}/../Podfile.lock\" \"${PODS_ROOT}/Manifest.lock\" > /dev/null\nif [[ $? != 0 ]] ; then\n    cat << EOM\nerror: The sandbox is not in sync with the Podfile.lock. Run 'pod install' or update your CocoaPods installation.\nEOM\n    exit 1\nfi\n";
			showEnvVarsInLog = 0;
		};
		0EADF253BE97293AB5518BEB /* Copy Pods Resources */ = {
			isa = PBXShellScriptBuildPhase;
			buildActionMask = 2147483647;
			files = (
			);
			inputPaths = (
			);
			name = "Copy Pods Resources";
			outputPaths = (
			);
			runOnlyForDeploymentPostprocessing = 0;
			shellPath = /bin/sh;
			shellScript = "\"${SRCROOT}/Pods/Target Support Files/Pods-UniversalChat/Pods-UniversalChat-resources.sh\"\n";
			showEnvVarsInLog = 0;
		};
		309B9D8A1D1B7DC10038E1E8 /* ShellScript */ = {
			isa = PBXShellScriptBuildPhase;
			buildActionMask = 2147483647;
			files = (
			);
			inputPaths = (
			);
			outputPaths = (
			);
			runOnlyForDeploymentPostprocessing = 0;
			shellPath = /bin/sh;
			shellScript = "# Replace this path with the path to the key you just downloaded\nJSON_FILE=/Users/jorgerebolloj/Repos/UniversalChat/UniversalChat/ServiceAccount.json\n\n# Replace this with the GOOGLE_APP_ID from your GoogleService-Info.plist file\nGOOGLE_APP_ID=1:1027503310689:ios:c7500b30121e75fc\n\ndefaults write com.google.SymbolUpload version -integer 1   # creates file if it does not exist\nJSON=$(cat \"${JSON_FILE}\")\n/usr/bin/plutil -replace \"app_${GOOGLE_APP_ID//:/_}\" -json \"${JSON}\" \"$HOME/Library/Preferences/com.google.SymbolUpload.plist\"\n\"${PODS_ROOT}\"/FirebaseCrash/upload-sym";
		};
		CB72DEFB231C5FD7940C499A /* Embed Pods Frameworks */ = {
			isa = PBXShellScriptBuildPhase;
			buildActionMask = 2147483647;
			files = (
			);
			inputPaths = (
			);
			name = "Embed Pods Frameworks";
			outputPaths = (
			);
			runOnlyForDeploymentPostprocessing = 0;
			shellPath = /bin/sh;
			shellScript = "\"${SRCROOT}/Pods/Target Support Files/Pods-UniversalChat/Pods-UniversalChat-frameworks.sh\"\n";
			showEnvVarsInLog = 0;
		};
/* End PBXShellScriptBuildPhase section */

/* Begin PBXSourcesBuildPhase section */
		3083B6211D131222006CE632 /* Sources */ = {
			isa = PBXSourcesBuildPhase;
			buildActionMask = 2147483647;
			files = (
				30BA8A0E1D1480000092F8AF /* JSQMessagesLoadEarlierHeaderView.m in Sources */,
				30BA89EE1D1480000092F8AF /* UIImage+JSQMessages.m in Sources */,
				30BA89F61D1480000092F8AF /* JSQMessagesToolbarButtonFactory.m in Sources */,
				30BA89FE1D1480000092F8AF /* JSQMediaItem.m in Sources */,
				304498881D19DDC7008AD163 /* MeasurementHelper.swift in Sources */,
				30BA8A041D1480000092F8AF /* JSQMessagesCellTextView.m in Sources */,
				30BA89FB1D1480000092F8AF /* JSQMessagesCollectionViewLayoutAttributes.m in Sources */,
				30BA8A061D1480000092F8AF /* JSQMessagesCollectionViewCell.m in Sources */,
				30BA8A131D1480000092F8AF /* JSQMessagesTypingIndicatorFooterView.m in Sources */,
				30BA8A0B1D1480000092F8AF /* JSQMessagesComposerTextView.m in Sources */,
				30BA89FD1D1480000092F8AF /* JSQLocationMediaItem.m in Sources */,
				30BA8A181D1480260092F8AF /* JSQSystemSoundPlayer.m in Sources */,
				30BA89F21D1480000092F8AF /* JSQMessagesAvatarImageFactory.m in Sources */,
				30BA8A091D1480000092F8AF /* JSQMessagesCollectionViewCellOutgoing.m in Sources */,
				309B9D871D1B288E0038E1E8 /* ChooseTableViewController.swift in Sources */,
				30BA8A051D1480000092F8AF /* JSQMessagesCollectionView.m in Sources */,
				30BA8A101D1480000092F8AF /* JSQMessagesMediaPlaceholderView.m in Sources */,
				30BA89F91D1480000092F8AF /* JSQMessagesCollectionViewFlowLayout.m in Sources */,
				30BA89EF1D1480000092F8AF /* UIView+JSQMessages.m in Sources */,
				30BA8A0D1D1480000092F8AF /* JSQMessagesLabel.m in Sources */,
				30BA8A0C1D1480000092F8AF /* JSQMessagesInputToolbar.m in Sources */,
				30BA8A011D1480000092F8AF /* JSQMessagesBubbleImage.m in Sources */,
				30BA89FF1D1480000092F8AF /* JSQMessage.m in Sources */,
				30BA89FA1D1480000092F8AF /* JSQMessagesCollectionViewFlowLayoutInvalidationContext.m in Sources */,
				30BA89F31D1480000092F8AF /* JSQMessagesBubbleImageFactory.m in Sources */,
				30BA8A031D1480000092F8AF /* JSQVideoMediaItem.m in Sources */,
				3083B6291D131222006CE632 /* AppDelegate.swift in Sources */,
				30BA8A071D1480000092F8AF /* JSQMessagesCollectionViewCellIncoming.m in Sources */,
				30BA89F01D1480000092F8AF /* JSQMessagesViewController.m in Sources */,
				30BA89ED1D1480000092F8AF /* UIColor+JSQMessages.m in Sources */,
				30BA8A001D1480000092F8AF /* JSQMessagesAvatarImage.m in Sources */,
				30BA89FC1D1480000092F8AF /* JSQAudioMediaItem.m in Sources */,
				30BA89831D146D370092F8AF /* LoginSignUpViewController.swift in Sources */,
				30BA89F51D1480000092F8AF /* JSQMessagesTimestampFormatter.m in Sources */,
				30BA89F41D1480000092F8AF /* JSQMessagesMediaViewBubbleImageMasker.m in Sources */,
				30BA8A021D1480000092F8AF /* JSQPhotoMediaItem.m in Sources */,
				3044988C1D19DDD4008AD163 /* Constants.swift in Sources */,
				30BA89EC1D1480000092F8AF /* NSString+JSQMessages.m in Sources */,
				30BA89F71D1480000092F8AF /* JSQAudioMediaViewAttributes.m in Sources */,
				309B9D851D1A02E20038E1E8 /* OverviewTableViewController.swift in Sources */,
				30BA8A111D1480000092F8AF /* JSQMessagesToolbarContentView.m in Sources */,
				3044988B1D19DDD4008AD163 /* AppState.swift in Sources */,
				30BA89F81D1480000092F8AF /* JSQMessagesBubblesSizeCalculator.m in Sources */,
				30BA89EB1D1480000092F8AF /* NSBundle+JSQMessages.m in Sources */,
				30BA8A151D1480000092F8AF /* JSQMessagesTypingView.m in Sources */,
			);
			runOnlyForDeploymentPostprocessing = 0;
		};
/* End PBXSourcesBuildPhase section */

/* Begin PBXVariantGroup section */
		3083B62C1D131222006CE632 /* Main.storyboard */ = {
			isa = PBXVariantGroup;
			children = (
				3083B62D1D131222006CE632 /* Base */,
			);
			name = Main.storyboard;
			sourceTree = "<group>";
		};
		3083B6311D131222006CE632 /* LaunchScreen.storyboard */ = {
			isa = PBXVariantGroup;
			children = (
				3083B6321D131222006CE632 /* Base */,
			);
			name = LaunchScreen.storyboard;
			sourceTree = "<group>";
		};
/* End PBXVariantGroup section */

/* Begin XCBuildConfiguration section */
		3083B6351D131222006CE632 /* Debug */ = {
			isa = XCBuildConfiguration;
			buildSettings = {
				ALWAYS_SEARCH_USER_PATHS = NO;
				CLANG_ANALYZER_NONNULL = YES;
				CLANG_CXX_LANGUAGE_STANDARD = "gnu++0x";
				CLANG_CXX_LIBRARY = "libc++";
				CLANG_ENABLE_MODULES = YES;
				CLANG_ENABLE_OBJC_ARC = YES;
				CLANG_WARN_BOOL_CONVERSION = YES;
				CLANG_WARN_CONSTANT_CONVERSION = YES;
				CLANG_WARN_DIRECT_OBJC_ISA_USAGE = YES_ERROR;
				CLANG_WARN_EMPTY_BODY = YES;
				CLANG_WARN_ENUM_CONVERSION = YES;
				CLANG_WARN_INT_CONVERSION = YES;
				CLANG_WARN_OBJC_ROOT_CLASS = YES_ERROR;
				CLANG_WARN_UNREACHABLE_CODE = YES;
				CLANG_WARN__DUPLICATE_METHOD_MATCH = YES;
				"CODE_SIGN_IDENTITY[sdk=iphoneos*]" = "iPhone Developer";
				COPY_PHASE_STRIP = NO;
				DEBUG_INFORMATION_FORMAT = dwarf;
				ENABLE_STRICT_OBJC_MSGSEND = YES;
				ENABLE_TESTABILITY = YES;
				GCC_C_LANGUAGE_STANDARD = gnu99;
				GCC_DYNAMIC_NO_PIC = NO;
				GCC_NO_COMMON_BLOCKS = YES;
				GCC_OPTIMIZATION_LEVEL = 0;
				GCC_PREPROCESSOR_DEFINITIONS = (
					"DEBUG=1",
					"$(inherited)",
				);
				GCC_WARN_64_TO_32_BIT_CONVERSION = YES;
				GCC_WARN_ABOUT_RETURN_TYPE = YES_ERROR;
				GCC_WARN_UNDECLARED_SELECTOR = YES;
				GCC_WARN_UNINITIALIZED_AUTOS = YES_AGGRESSIVE;
				GCC_WARN_UNUSED_FUNCTION = YES;
				GCC_WARN_UNUSED_VARIABLE = YES;
				IPHONEOS_DEPLOYMENT_TARGET = 9.3;
				MTL_ENABLE_DEBUG_INFO = YES;
				ONLY_ACTIVE_ARCH = YES;
				SDKROOT = iphoneos;
				SWIFT_OPTIMIZATION_LEVEL = "-Onone";
			};
			name = Debug;
		};
		3083B6361D131222006CE632 /* Release */ = {
			isa = XCBuildConfiguration;
			buildSettings = {
				ALWAYS_SEARCH_USER_PATHS = NO;
				CLANG_ANALYZER_NONNULL = YES;
				CLANG_CXX_LANGUAGE_STANDARD = "gnu++0x";
				CLANG_CXX_LIBRARY = "libc++";
				CLANG_ENABLE_MODULES = YES;
				CLANG_ENABLE_OBJC_ARC = YES;
				CLANG_WARN_BOOL_CONVERSION = YES;
				CLANG_WARN_CONSTANT_CONVERSION = YES;
				CLANG_WARN_DIRECT_OBJC_ISA_USAGE = YES_ERROR;
				CLANG_WARN_EMPTY_BODY = YES;
				CLANG_WARN_ENUM_CONVERSION = YES;
				CLANG_WARN_INT_CONVERSION = YES;
				CLANG_WARN_OBJC_ROOT_CLASS = YES_ERROR;
				CLANG_WARN_UNREACHABLE_CODE = YES;
				CLANG_WARN__DUPLICATE_METHOD_MATCH = YES;
				"CODE_SIGN_IDENTITY[sdk=iphoneos*]" = "iPhone Developer";
				COPY_PHASE_STRIP = NO;
				DEBUG_INFORMATION_FORMAT = "dwarf-with-dsym";
				ENABLE_NS_ASSERTIONS = NO;
				ENABLE_STRICT_OBJC_MSGSEND = YES;
				GCC_C_LANGUAGE_STANDARD = gnu99;
				GCC_NO_COMMON_BLOCKS = YES;
				GCC_WARN_64_TO_32_BIT_CONVERSION = YES;
				GCC_WARN_ABOUT_RETURN_TYPE = YES_ERROR;
				GCC_WARN_UNDECLARED_SELECTOR = YES;
				GCC_WARN_UNINITIALIZED_AUTOS = YES_AGGRESSIVE;
				GCC_WARN_UNUSED_FUNCTION = YES;
				GCC_WARN_UNUSED_VARIABLE = YES;
				IPHONEOS_DEPLOYMENT_TARGET = 9.3;
				MTL_ENABLE_DEBUG_INFO = NO;
				SDKROOT = iphoneos;
				VALIDATE_PRODUCT = YES;
			};
			name = Release;
		};
		3083B6381D131222006CE632 /* Debug */ = {
			isa = XCBuildConfiguration;
			baseConfigurationReference = 7797032086CAD58629F9647C /* Pods-UniversalChat.debug.xcconfig */;
			buildSettings = {
				ASSETCATALOG_COMPILER_APPICON_NAME = AppIcon;
				CLANG_ENABLE_MODULES = YES;
				INFOPLIST_FILE = UniversalChat/Info.plist;
				LD_RUNPATH_SEARCH_PATHS = "$(inherited) @executable_path/Frameworks";
				PRODUCT_BUNDLE_IDENTIFIER = com.pademobile.UniversalChat;
				PRODUCT_NAME = "$(TARGET_NAME)";
				SWIFT_OBJC_BRIDGING_HEADER = "UniversalChat/UniversalChat-Bridging-Header.h";
				SWIFT_OPTIMIZATION_LEVEL = "-Onone";
			};
			name = Debug;
		};
		3083B6391D131222006CE632 /* Release */ = {
			isa = XCBuildConfiguration;
			baseConfigurationReference = 43A60CE5D00F726C546D2E90 /* Pods-UniversalChat.release.xcconfig */;
			buildSettings = {
				ASSETCATALOG_COMPILER_APPICON_NAME = AppIcon;
				CLANG_ENABLE_MODULES = YES;
				INFOPLIST_FILE = UniversalChat/Info.plist;
				LD_RUNPATH_SEARCH_PATHS = "$(inherited) @executable_path/Frameworks";
				PRODUCT_BUNDLE_IDENTIFIER = com.pademobile.UniversalChat;
				PRODUCT_NAME = "$(TARGET_NAME)";
				SWIFT_OBJC_BRIDGING_HEADER = "UniversalChat/UniversalChat-Bridging-Header.h";
			};
			name = Release;
		};
/* End XCBuildConfiguration section */

/* Begin XCConfigurationList section */
		3083B6201D131222006CE632 /* Build configuration list for PBXProject "UniversalChat" */ = {
			isa = XCConfigurationList;
			buildConfigurations = (
				3083B6351D131222006CE632 /* Debug */,
				3083B6361D131222006CE632 /* Release */,
			);
			defaultConfigurationIsVisible = 0;
			defaultConfigurationName = Release;
		};
		3083B6371D131222006CE632 /* Build configuration list for PBXNativeTarget "UniversalChat" */ = {
			isa = XCConfigurationList;
			buildConfigurations = (
				3083B6381D131222006CE632 /* Debug */,
				3083B6391D131222006CE632 /* Release */,
			);
			defaultConfigurationIsVisible = 0;
			defaultConfigurationName = Release;
		};
/* End XCConfigurationList section */
	};
	rootObject = 3083B61D1D131222006CE632 /* Project object */;
}
